
Microsoft Visual Studio Solution File, Format Version 12.00
# Visual Studio Version 17
VisualStudioVersion = 17.0.32014.148
MinimumVisualStudioVersion = 10.0.40219.1
Project("{9A19103F-16F7-4668-BE54-9A1E7A4F7556}") = "ConsoleApp", "FreeSqlDemos\ConsoleApp.csproj", "{ECD94386-5A1D-4FBE-9804-497138FA2826}"
EndProject
Project("{9A19103F-16F7-4668-BE54-9A1E7A4F7556}") = "WpfDatagridView", "WpfDatagridView\WpfDatagridView\WpfDatagridView.csproj", "{1CC217E8-2D70-4832-8409-A60910B91798}"
EndProject
Project("{2150E333-8FDC-42A3-9474-1A3956D46DE8}") = "xamarinFormApps", "xamarinFormApps", "{7CEAAA9E-9738-4989-A665-E46B3356667F}"
EndProject
Project("{9A19103F-16F7-4668-BE54-9A1E7A4F7556}") = "Densen.Extensions.Freesql.BootstrapBlazor", "Extensions\DataServices\BootstrapBlazor.DataAcces.FreeSql\Densen.Extensions.Freesql.BootstrapBlazor.csproj", "{C6718A5E-88DB-4362-BD74-3BA9565DDA78}"
EndProject
Project("{2150E333-8FDC-42A3-9474-1A3956D46DE8}") = "Extensions", "Extensions", "{8D5D78FF-7626-4859-9738-9B67885D255E}"
EndProject
Project("{9A19103F-16F7-4668-BE54-9A1E7A4F7556}") = "xamarinFormApp", "xamarinFormApps\xamarinFormApp\xamarinFormApp.csproj", "{95DDBA5F-4571-43B1-994D-58F89201A566}"
EndProject
Project("{FAE04EC0-301F-11D3-BF4B-00C04F79EFBC}") = "xamarinForm.Wpf", "xamarinFormApps\xamarinForm.Wpf\xamarinForm.Wpf.csproj", "{12EC22F5-2586-4AD3-AE03-319C2FAC0B06}"
EndProject
Project("{FAE04EC0-301F-11D3-BF4B-00C04F79EFBC}") = "xamarinFormApp.Android", "xamarinFormApps\xamarinFormApp.Android\xamarinFormApp.Android.csproj", "{0BFC3652-7CD1-49E4-BA9A-70E5EC818FCE}"
EndProject
Project("{FAE04EC0-301F-11D3-BF4B-00C04F79EFBC}") = "xamarinFormApp.iOS", "xamarinFormApps\xamarinFormApp.iOS\xamarinFormApp.iOS.csproj", "{F4C814E7-FCDC-4596-854D-8FA5CD992C67}"
EndProject
Project("{9A19103F-16F7-4668-BE54-9A1E7A4F7556}") = "WebApi", "WebApi\WebApi.csproj", "{8DE304CD-502D-431C-90DF-9BC4FB8B3906}"
EndProject
Project("{2150E333-8FDC-42A3-9474-1A3956D46DE8}") = "Blazor", "Blazor", "{4BE42A9A-367B-49DA-9D76-B42D3FE0D8D1}"
EndProject
Project("{9A19103F-16F7-4668-BE54-9A1E7A4F7556}") = "BootstrapBlazorApp.Server", "Blazor\BootstrapBlazorApp\BootstrapBlazorApp1-freesql.Server\BootstrapBlazorApp.Server.csproj", "{00299BBB-9588-4A22-89E9-C0AD196E249D}"
EndProject
Project("{9A19103F-16F7-4668-BE54-9A1E7A4F7556}") = "SignalRChat", "SignalRChat\SignalRChat.csproj", "{74D99F7D-6AE2-47F0-8E57-6413DD6BB055}"
EndProject
Project("{9A19103F-16F7-4668-BE54-9A1E7A4F7556}") = "WorkerService", "WorkerService\WorkerService1\WorkerService.csproj", "{FA1AAD33-0ECA-4DB4-BF72-AAFA417D1C42}"
EndProject
Project("{F184B08F-C81C-45F6-A57F-5ABD9991F28F}") = "WindowsFormsAppVB", "WindowsAppVB\WindowsFormsAppVB.vbproj", "{9ADDB47A-1497-4356-9823-15565AE76060}"
EndProject
Project("{FAE04EC0-301F-11D3-BF4B-00C04F79EFBC}") = "WindowsFormsApp", "WindowsFormsApp\WindowsFormsApp.csproj", "{32684C3A-C130-469F-B409-6EDDDEED1C6D}"
EndProject
Project("{FAE04EC0-301F-11D3-BF4B-00C04F79EFBC}") = "UWP1", "UWP1\UWP1.csproj", "{46DA644E-9B65-4002-958A-FE90E49603E8}"
EndProject
Project("{9A19103F-16F7-4668-BE54-9A1E7A4F7556}") = "ARM_ConsoleApp", "ARM_ConsoleApp\ARM_ConsoleApp.csproj", "{6EA2EDAE-28D6-4D0C-9E75-9552762F75FF}"
EndProject
Project("{9A19103F-16F7-4668-BE54-9A1E7A4F7556}") = "LibraryShared", "LibraryShared\LibraryShared.csproj", "{16CDF234-0974-4F53-BF46-143C8AE48B4C}"
EndProject
Project("{2150E333-8FDC-42A3-9474-1A3956D46DE8}") = "freesql_src", "freesql_src", "{BD232944-F8B7-4F57-9529-36DA3802CDDB}"
EndProject
Project("{9A19103F-16F7-4668-BE54-9A1E7A4F7556}") = "FreeSql", "..\FreeSql\FreeSql\FreeSql.csproj", "{F5F59730-61F8-4DB3-B0D8-8B8F8EAC79A7}"
EndProject
Project("{9A19103F-16F7-4668-BE54-9A1E7A4F7556}") = "FreeSql.Provider.Sqlite", "..\FreeSql\Providers\FreeSql.Provider.Sqlite\FreeSql.Provider.Sqlite.csproj", "{D6ACF9AB-6DAB-4312-AF28-5D96DF6601C3}"
EndProject
Project("{9A19103F-16F7-4668-BE54-9A1E7A4F7556}") = "FreeSql.Provider.SqliteCore", "..\FreeSql\Providers\FreeSql.Provider.SqliteCore\FreeSql.Provider.SqliteCore.csproj", "{630D5AF5-52E7-461D-A048-9710B550595F}"
EndProject
Project("{9A19103F-16F7-4668-BE54-9A1E7A4F7556}") = "MauiFreeSql", "Maui\MauiApp2\MauiFreeSql.csproj", "{376E1EDD-B076-453F-A75D-E7BAC9D4C08E}"
EndProject
Project("{9A19103F-16F7-4668-BE54-9A1E7A4F7556}") = "MauiBlazorFreeSql", "Maui\MauiBlazorApp2\MauiBlazorFreeSql.csproj", "{1C479393-0ABD-4ABD-90D2-5699F7FE90E0}"
EndProject
Project("{2150E333-8FDC-42A3-9474-1A3956D46DE8}") = "解决方案项", "解决方案项", "{CF3FFBBC-E874-451E-95DB-D67361E13182}"
	ProjectSection(SolutionItems) = preProject
		.gitattributes = .gitattributes
		.gitignore = .gitignore
		LICENSE = LICENSE
		README.md = README.md
	EndProjectSection
EndProject
Project("{2150E333-8FDC-42A3-9474-1A3956D46DE8}") = "MAUI", "MAUI", "{AA3EE59E-F38D-4FD6-9BEF-0BAABCDD74CB}"
EndProject
Project("{9A19103F-16F7-4668-BE54-9A1E7A4F7556}") = "BlazorWinForms1", "Maui\BlazorWinForms1\BlazorWinForms1.csproj", "{213FC281-6566-4803-B161-0E5D7ED819FF}"
EndProject
Project("{9A19103F-16F7-4668-BE54-9A1E7A4F7556}") = "BlazorWpf1", "Maui\BlazorWpf1\BlazorWpf1.csproj", "{2EB44A74-E1D6-45F2-92DC-BB081BD64003}"
EndProject
Global
	GlobalSection(SolutionConfigurationPlatforms) = preSolution
		Debug|Any CPU = Debug|Any CPU
		Debug|ARM = Debug|ARM
		Debug|ARM64 = Debug|ARM64
		Debug|iPhone = Debug|iPhone
		Debug|iPhoneSimulator = Debug|iPhoneSimulator
		Debug|x64 = Debug|x64
		Debug|x86 = Debug|x86
		DebugFsql|Any CPU = DebugFsql|Any CPU
		DebugFsql|ARM = DebugFsql|ARM
		DebugFsql|ARM64 = DebugFsql|ARM64
		DebugFsql|iPhone = DebugFsql|iPhone
		DebugFsql|iPhoneSimulator = DebugFsql|iPhoneSimulator
		DebugFsql|x64 = DebugFsql|x64
		DebugFsql|x86 = DebugFsql|x86
		Release|Any CPU = Release|Any CPU
		Release|ARM = Release|ARM
		Release|ARM64 = Release|ARM64
		Release|iPhone = Release|iPhone
		Release|iPhoneSimulator = Release|iPhoneSimulator
		Release|x64 = Release|x64
		Release|x86 = Release|x86
	EndGlobalSection
	GlobalSection(ProjectConfigurationPlatforms) = postSolution
		{ECD94386-5A1D-4FBE-9804-497138FA2826}.Debug|Any CPU.ActiveCfg = Debug|Any CPU
		{ECD94386-5A1D-4FBE-9804-497138FA2826}.Debug|Any CPU.Build.0 = Debug|Any CPU
		{ECD94386-5A1D-4FBE-9804-497138FA2826}.Debug|ARM.ActiveCfg = Debug|Any CPU
		{ECD94386-5A1D-4FBE-9804-497138FA2826}.Debug|ARM.Build.0 = Debug|Any CPU
		{ECD94386-5A1D-4FBE-9804-497138FA2826}.Debug|ARM64.ActiveCfg = Debug|Any CPU
		{ECD94386-5A1D-4FBE-9804-497138FA2826}.Debug|ARM64.Build.0 = Debug|Any CPU
		{ECD94386-5A1D-4FBE-9804-497138FA2826}.Debug|iPhone.ActiveCfg = Debug|Any CPU
		{ECD94386-5A1D-4FBE-9804-497138FA2826}.Debug|iPhone.Build.0 = Debug|Any CPU
		{ECD94386-5A1D-4FBE-9804-497138FA2826}.Debug|iPhoneSimulator.ActiveCfg = Debug|Any CPU
		{ECD94386-5A1D-4FBE-9804-497138FA2826}.Debug|iPhoneSimulator.Build.0 = Debug|Any CPU
		{ECD94386-5A1D-4FBE-9804-497138FA2826}.Debug|x64.ActiveCfg = Debug|Any CPU
		{ECD94386-5A1D-4FBE-9804-497138FA2826}.Debug|x64.Build.0 = Debug|Any CPU
		{ECD94386-5A1D-4FBE-9804-497138FA2826}.Debug|x86.ActiveCfg = Debug|Any CPU
		{ECD94386-5A1D-4FBE-9804-497138FA2826}.Debug|x86.Build.0 = Debug|Any CPU
		{ECD94386-5A1D-4FBE-9804-497138FA2826}.DebugFsql|Any CPU.ActiveCfg = Debug|Any CPU
		{ECD94386-5A1D-4FBE-9804-497138FA2826}.DebugFsql|Any CPU.Build.0 = Debug|Any CPU
		{ECD94386-5A1D-4FBE-9804-497138FA2826}.DebugFsql|ARM.ActiveCfg = Debug|Any CPU
		{ECD94386-5A1D-4FBE-9804-497138FA2826}.DebugFsql|ARM.Build.0 = Debug|Any CPU
		{ECD94386-5A1D-4FBE-9804-497138FA2826}.DebugFsql|ARM64.ActiveCfg = Debug|Any CPU
		{ECD94386-5A1D-4FBE-9804-497138FA2826}.DebugFsql|ARM64.Build.0 = Debug|Any CPU
		{ECD94386-5A1D-4FBE-9804-497138FA2826}.DebugFsql|iPhone.ActiveCfg = Debug|Any CPU
		{ECD94386-5A1D-4FBE-9804-497138FA2826}.DebugFsql|iPhone.Build.0 = Debug|Any CPU
		{ECD94386-5A1D-4FBE-9804-497138FA2826}.DebugFsql|iPhoneSimulator.ActiveCfg = Debug|Any CPU
		{ECD94386-5A1D-4FBE-9804-497138FA2826}.DebugFsql|iPhoneSimulator.Build.0 = Debug|Any CPU
		{ECD94386-5A1D-4FBE-9804-497138FA2826}.DebugFsql|x64.ActiveCfg = Debug|Any CPU
		{ECD94386-5A1D-4FBE-9804-497138FA2826}.DebugFsql|x64.Build.0 = Debug|Any CPU
		{ECD94386-5A1D-4FBE-9804-497138FA2826}.DebugFsql|x86.ActiveCfg = Debug|Any CPU
		{ECD94386-5A1D-4FBE-9804-497138FA2826}.DebugFsql|x86.Build.0 = Debug|Any CPU
		{ECD94386-5A1D-4FBE-9804-497138FA2826}.Release|Any CPU.ActiveCfg = Release|Any CPU
		{ECD94386-5A1D-4FBE-9804-497138FA2826}.Release|Any CPU.Build.0 = Release|Any CPU
		{ECD94386-5A1D-4FBE-9804-497138FA2826}.Release|ARM.ActiveCfg = Release|Any CPU
		{ECD94386-5A1D-4FBE-9804-497138FA2826}.Release|ARM.Build.0 = Release|Any CPU
		{ECD94386-5A1D-4FBE-9804-497138FA2826}.Release|ARM64.ActiveCfg = Release|Any CPU
		{ECD94386-5A1D-4FBE-9804-497138FA2826}.Release|ARM64.Build.0 = Release|Any CPU
		{ECD94386-5A1D-4FBE-9804-497138FA2826}.Release|iPhone.ActiveCfg = Release|Any CPU
		{ECD94386-5A1D-4FBE-9804-497138FA2826}.Release|iPhone.Build.0 = Release|Any CPU
		{ECD94386-5A1D-4FBE-9804-497138FA2826}.Release|iPhoneSimulator.ActiveCfg = Release|Any CPU
		{ECD94386-5A1D-4FBE-9804-497138FA2826}.Release|iPhoneSimulator.Build.0 = Release|Any CPU
		{ECD94386-5A1D-4FBE-9804-497138FA2826}.Release|x64.ActiveCfg = Release|Any CPU
		{ECD94386-5A1D-4FBE-9804-497138FA2826}.Release|x64.Build.0 = Release|Any CPU
		{ECD94386-5A1D-4FBE-9804-497138FA2826}.Release|x86.ActiveCfg = Release|Any CPU
		{ECD94386-5A1D-4FBE-9804-497138FA2826}.Release|x86.Build.0 = Release|Any CPU
		{1CC217E8-2D70-4832-8409-A60910B91798}.Debug|Any CPU.ActiveCfg = Debug|Any CPU
		{1CC217E8-2D70-4832-8409-A60910B91798}.Debug|Any CPU.Build.0 = Debug|Any CPU
		{1CC217E8-2D70-4832-8409-A60910B91798}.Debug|ARM.ActiveCfg = Debug|Any CPU
		{1CC217E8-2D70-4832-8409-A60910B91798}.Debug|ARM.Build.0 = Debug|Any CPU
		{1CC217E8-2D70-4832-8409-A60910B91798}.Debug|ARM64.ActiveCfg = Debug|Any CPU
		{1CC217E8-2D70-4832-8409-A60910B91798}.Debug|ARM64.Build.0 = Debug|Any CPU
		{1CC217E8-2D70-4832-8409-A60910B91798}.Debug|iPhone.ActiveCfg = Debug|Any CPU
		{1CC217E8-2D70-4832-8409-A60910B91798}.Debug|iPhone.Build.0 = Debug|Any CPU
		{1CC217E8-2D70-4832-8409-A60910B91798}.Debug|iPhoneSimulator.ActiveCfg = Debug|Any CPU
		{1CC217E8-2D70-4832-8409-A60910B91798}.Debug|iPhoneSimulator.Build.0 = Debug|Any CPU
		{1CC217E8-2D70-4832-8409-A60910B91798}.Debug|x64.ActiveCfg = Debug|Any CPU
		{1CC217E8-2D70-4832-8409-A60910B91798}.Debug|x64.Build.0 = Debug|Any CPU
		{1CC217E8-2D70-4832-8409-A60910B91798}.Debug|x86.ActiveCfg = Debug|Any CPU
		{1CC217E8-2D70-4832-8409-A60910B91798}.Debug|x86.Build.0 = Debug|Any CPU
		{1CC217E8-2D70-4832-8409-A60910B91798}.DebugFsql|Any CPU.ActiveCfg = Debug|Any CPU
		{1CC217E8-2D70-4832-8409-A60910B91798}.DebugFsql|Any CPU.Build.0 = Debug|Any CPU
		{1CC217E8-2D70-4832-8409-A60910B91798}.DebugFsql|ARM.ActiveCfg = Debug|Any CPU
		{1CC217E8-2D70-4832-8409-A60910B91798}.DebugFsql|ARM.Build.0 = Debug|Any CPU
		{1CC217E8-2D70-4832-8409-A60910B91798}.DebugFsql|ARM64.ActiveCfg = Debug|Any CPU
		{1CC217E8-2D70-4832-8409-A60910B91798}.DebugFsql|ARM64.Build.0 = Debug|Any CPU
		{1CC217E8-2D70-4832-8409-A60910B91798}.DebugFsql|iPhone.ActiveCfg = Debug|Any CPU
		{1CC217E8-2D70-4832-8409-A60910B91798}.DebugFsql|iPhone.Build.0 = Debug|Any CPU
		{1CC217E8-2D70-4832-8409-A60910B91798}.DebugFsql|iPhoneSimulator.ActiveCfg = Debug|Any CPU
		{1CC217E8-2D70-4832-8409-A60910B91798}.DebugFsql|iPhoneSimulator.Build.0 = Debug|Any CPU
		{1CC217E8-2D70-4832-8409-A60910B91798}.DebugFsql|x64.ActiveCfg = Debug|Any CPU
		{1CC217E8-2D70-4832-8409-A60910B91798}.DebugFsql|x64.Build.0 = Debug|Any CPU
		{1CC217E8-2D70-4832-8409-A60910B91798}.DebugFsql|x86.ActiveCfg = Debug|Any CPU
		{1CC217E8-2D70-4832-8409-A60910B91798}.DebugFsql|x86.Build.0 = Debug|Any CPU
		{1CC217E8-2D70-4832-8409-A60910B91798}.Release|Any CPU.ActiveCfg = Release|Any CPU
		{1CC217E8-2D70-4832-8409-A60910B91798}.Release|Any CPU.Build.0 = Release|Any CPU
		{1CC217E8-2D70-4832-8409-A60910B91798}.Release|ARM.ActiveCfg = Release|Any CPU
		{1CC217E8-2D70-4832-8409-A60910B91798}.Release|ARM.Build.0 = Release|Any CPU
		{1CC217E8-2D70-4832-8409-A60910B91798}.Release|ARM64.ActiveCfg = Release|Any CPU
		{1CC217E8-2D70-4832-8409-A60910B91798}.Release|ARM64.Build.0 = Release|Any CPU
		{1CC217E8-2D70-4832-8409-A60910B91798}.Release|iPhone.ActiveCfg = Release|Any CPU
		{1CC217E8-2D70-4832-8409-A60910B91798}.Release|iPhone.Build.0 = Release|Any CPU
		{1CC217E8-2D70-4832-8409-A60910B91798}.Release|iPhoneSimulator.ActiveCfg = Release|Any CPU
		{1CC217E8-2D70-4832-8409-A60910B91798}.Release|iPhoneSimulator.Build.0 = Release|Any CPU
		{1CC217E8-2D70-4832-8409-A60910B91798}.Release|x64.ActiveCfg = Release|Any CPU
		{1CC217E8-2D70-4832-8409-A60910B91798}.Release|x64.Build.0 = Release|Any CPU
		{1CC217E8-2D70-4832-8409-A60910B91798}.Release|x86.ActiveCfg = Release|Any CPU
		{1CC217E8-2D70-4832-8409-A60910B91798}.Release|x86.Build.0 = Release|Any CPU
		{C6718A5E-88DB-4362-BD74-3BA9565DDA78}.Debug|Any CPU.ActiveCfg = Debug|Any CPU
		{C6718A5E-88DB-4362-BD74-3BA9565DDA78}.Debug|Any CPU.Build.0 = Debug|Any CPU
		{C6718A5E-88DB-4362-BD74-3BA9565DDA78}.Debug|ARM.ActiveCfg = Debug|Any CPU
		{C6718A5E-88DB-4362-BD74-3BA9565DDA78}.Debug|ARM.Build.0 = Debug|Any CPU
		{C6718A5E-88DB-4362-BD74-3BA9565DDA78}.Debug|ARM64.ActiveCfg = Debug|Any CPU
		{C6718A5E-88DB-4362-BD74-3BA9565DDA78}.Debug|ARM64.Build.0 = Debug|Any CPU
		{C6718A5E-88DB-4362-BD74-3BA9565DDA78}.Debug|iPhone.ActiveCfg = Debug|Any CPU
		{C6718A5E-88DB-4362-BD74-3BA9565DDA78}.Debug|iPhone.Build.0 = Debug|Any CPU
		{C6718A5E-88DB-4362-BD74-3BA9565DDA78}.Debug|iPhoneSimulator.ActiveCfg = Debug|Any CPU
		{C6718A5E-88DB-4362-BD74-3BA9565DDA78}.Debug|iPhoneSimulator.Build.0 = Debug|Any CPU
		{C6718A5E-88DB-4362-BD74-3BA9565DDA78}.Debug|x64.ActiveCfg = Debug|Any CPU
		{C6718A5E-88DB-4362-BD74-3BA9565DDA78}.Debug|x64.Build.0 = Debug|Any CPU
		{C6718A5E-88DB-4362-BD74-3BA9565DDA78}.Debug|x86.ActiveCfg = Debug|Any CPU
		{C6718A5E-88DB-4362-BD74-3BA9565DDA78}.Debug|x86.Build.0 = Debug|Any CPU
		{C6718A5E-88DB-4362-BD74-3BA9565DDA78}.DebugFsql|Any CPU.ActiveCfg = Debug|Any CPU
		{C6718A5E-88DB-4362-BD74-3BA9565DDA78}.DebugFsql|Any CPU.Build.0 = Debug|Any CPU
		{C6718A5E-88DB-4362-BD74-3BA9565DDA78}.DebugFsql|ARM.ActiveCfg = Debug|Any CPU
		{C6718A5E-88DB-4362-BD74-3BA9565DDA78}.DebugFsql|ARM.Build.0 = Debug|Any CPU
		{C6718A5E-88DB-4362-BD74-3BA9565DDA78}.DebugFsql|ARM64.ActiveCfg = Debug|Any CPU
		{C6718A5E-88DB-4362-BD74-3BA9565DDA78}.DebugFsql|ARM64.Build.0 = Debug|Any CPU
		{C6718A5E-88DB-4362-BD74-3BA9565DDA78}.DebugFsql|iPhone.ActiveCfg = Debug|Any CPU
		{C6718A5E-88DB-4362-BD74-3BA9565DDA78}.DebugFsql|iPhone.Build.0 = Debug|Any CPU
		{C6718A5E-88DB-4362-BD74-3BA9565DDA78}.DebugFsql|iPhoneSimulator.ActiveCfg = Debug|Any CPU
		{C6718A5E-88DB-4362-BD74-3BA9565DDA78}.DebugFsql|iPhoneSimulator.Build.0 = Debug|Any CPU
		{C6718A5E-88DB-4362-BD74-3BA9565DDA78}.DebugFsql|x64.ActiveCfg = Debug|Any CPU
		{C6718A5E-88DB-4362-BD74-3BA9565DDA78}.DebugFsql|x64.Build.0 = Debug|Any CPU
		{C6718A5E-88DB-4362-BD74-3BA9565DDA78}.DebugFsql|x86.ActiveCfg = Debug|Any CPU
		{C6718A5E-88DB-4362-BD74-3BA9565DDA78}.DebugFsql|x86.Build.0 = Debug|Any CPU
		{C6718A5E-88DB-4362-BD74-3BA9565DDA78}.Release|Any CPU.ActiveCfg = Release|Any CPU
		{C6718A5E-88DB-4362-BD74-3BA9565DDA78}.Release|Any CPU.Build.0 = Release|Any CPU
		{C6718A5E-88DB-4362-BD74-3BA9565DDA78}.Release|ARM.ActiveCfg = Release|Any CPU
		{C6718A5E-88DB-4362-BD74-3BA9565DDA78}.Release|ARM.Build.0 = Release|Any CPU
		{C6718A5E-88DB-4362-BD74-3BA9565DDA78}.Release|ARM64.ActiveCfg = Release|Any CPU
		{C6718A5E-88DB-4362-BD74-3BA9565DDA78}.Release|ARM64.Build.0 = Release|Any CPU
		{C6718A5E-88DB-4362-BD74-3BA9565DDA78}.Release|iPhone.ActiveCfg = Release|Any CPU
		{C6718A5E-88DB-4362-BD74-3BA9565DDA78}.Release|iPhone.Build.0 = Release|Any CPU
		{C6718A5E-88DB-4362-BD74-3BA9565DDA78}.Release|iPhoneSimulator.ActiveCfg = Release|Any CPU
		{C6718A5E-88DB-4362-BD74-3BA9565DDA78}.Release|iPhoneSimulator.Build.0 = Release|Any CPU
		{C6718A5E-88DB-4362-BD74-3BA9565DDA78}.Release|x64.ActiveCfg = Release|Any CPU
		{C6718A5E-88DB-4362-BD74-3BA9565DDA78}.Release|x64.Build.0 = Release|Any CPU
		{C6718A5E-88DB-4362-BD74-3BA9565DDA78}.Release|x86.ActiveCfg = Release|Any CPU
		{C6718A5E-88DB-4362-BD74-3BA9565DDA78}.Release|x86.Build.0 = Release|Any CPU
		{95DDBA5F-4571-43B1-994D-58F89201A566}.Debug|Any CPU.ActiveCfg = Debug|Any CPU
		{95DDBA5F-4571-43B1-994D-58F89201A566}.Debug|Any CPU.Build.0 = Debug|Any CPU
		{95DDBA5F-4571-43B1-994D-58F89201A566}.Debug|ARM.ActiveCfg = Debug|Any CPU
		{95DDBA5F-4571-43B1-994D-58F89201A566}.Debug|ARM.Build.0 = Debug|Any CPU
		{95DDBA5F-4571-43B1-994D-58F89201A566}.Debug|ARM64.ActiveCfg = Debug|Any CPU
		{95DDBA5F-4571-43B1-994D-58F89201A566}.Debug|ARM64.Build.0 = Debug|Any CPU
		{95DDBA5F-4571-43B1-994D-58F89201A566}.Debug|iPhone.ActiveCfg = Debug|Any CPU
		{95DDBA5F-4571-43B1-994D-58F89201A566}.Debug|iPhone.Build.0 = Debug|Any CPU
		{95DDBA5F-4571-43B1-994D-58F89201A566}.Debug|iPhoneSimulator.ActiveCfg = Debug|Any CPU
		{95DDBA5F-4571-43B1-994D-58F89201A566}.Debug|iPhoneSimulator.Build.0 = Debug|Any CPU
		{95DDBA5F-4571-43B1-994D-58F89201A566}.Debug|x64.ActiveCfg = Debug|Any CPU
		{95DDBA5F-4571-43B1-994D-58F89201A566}.Debug|x64.Build.0 = Debug|Any CPU
		{95DDBA5F-4571-43B1-994D-58F89201A566}.Debug|x86.ActiveCfg = Debug|Any CPU
		{95DDBA5F-4571-43B1-994D-58F89201A566}.Debug|x86.Build.0 = Debug|Any CPU
		{95DDBA5F-4571-43B1-994D-58F89201A566}.DebugFsql|Any CPU.ActiveCfg = Debug|Any CPU
		{95DDBA5F-4571-43B1-994D-58F89201A566}.DebugFsql|Any CPU.Build.0 = Debug|Any CPU
		{95DDBA5F-4571-43B1-994D-58F89201A566}.DebugFsql|ARM.ActiveCfg = Debug|Any CPU
		{95DDBA5F-4571-43B1-994D-58F89201A566}.DebugFsql|ARM.Build.0 = Debug|Any CPU
		{95DDBA5F-4571-43B1-994D-58F89201A566}.DebugFsql|ARM64.ActiveCfg = Debug|Any CPU
		{95DDBA5F-4571-43B1-994D-58F89201A566}.DebugFsql|ARM64.Build.0 = Debug|Any CPU
		{95DDBA5F-4571-43B1-994D-58F89201A566}.DebugFsql|iPhone.ActiveCfg = Debug|Any CPU
		{95DDBA5F-4571-43B1-994D-58F89201A566}.DebugFsql|iPhone.Build.0 = Debug|Any CPU
		{95DDBA5F-4571-43B1-994D-58F89201A566}.DebugFsql|iPhoneSimulator.ActiveCfg = Debug|Any CPU
		{95DDBA5F-4571-43B1-994D-58F89201A566}.DebugFsql|iPhoneSimulator.Build.0 = Debug|Any CPU
		{95DDBA5F-4571-43B1-994D-58F89201A566}.DebugFsql|x64.ActiveCfg = Debug|Any CPU
		{95DDBA5F-4571-43B1-994D-58F89201A566}.DebugFsql|x64.Build.0 = Debug|Any CPU
		{95DDBA5F-4571-43B1-994D-58F89201A566}.DebugFsql|x86.ActiveCfg = Debug|Any CPU
		{95DDBA5F-4571-43B1-994D-58F89201A566}.DebugFsql|x86.Build.0 = Debug|Any CPU
		{95DDBA5F-4571-43B1-994D-58F89201A566}.Release|Any CPU.ActiveCfg = Release|Any CPU
		{95DDBA5F-4571-43B1-994D-58F89201A566}.Release|Any CPU.Build.0 = Release|Any CPU
		{95DDBA5F-4571-43B1-994D-58F89201A566}.Release|ARM.ActiveCfg = Release|Any CPU
		{95DDBA5F-4571-43B1-994D-58F89201A566}.Release|ARM.Build.0 = Release|Any CPU
		{95DDBA5F-4571-43B1-994D-58F89201A566}.Release|ARM64.ActiveCfg = Release|Any CPU
		{95DDBA5F-4571-43B1-994D-58F89201A566}.Release|ARM64.Build.0 = Release|Any CPU
		{95DDBA5F-4571-43B1-994D-58F89201A566}.Release|iPhone.ActiveCfg = Release|Any CPU
		{95DDBA5F-4571-43B1-994D-58F89201A566}.Release|iPhone.Build.0 = Release|Any CPU
		{95DDBA5F-4571-43B1-994D-58F89201A566}.Release|iPhoneSimulator.ActiveCfg = Release|Any CPU
		{95DDBA5F-4571-43B1-994D-58F89201A566}.Release|iPhoneSimulator.Build.0 = Release|Any CPU
		{95DDBA5F-4571-43B1-994D-58F89201A566}.Release|x64.ActiveCfg = Release|Any CPU
		{95DDBA5F-4571-43B1-994D-58F89201A566}.Release|x64.Build.0 = Release|Any CPU
		{95DDBA5F-4571-43B1-994D-58F89201A566}.Release|x86.ActiveCfg = Release|Any CPU
		{95DDBA5F-4571-43B1-994D-58F89201A566}.Release|x86.Build.0 = Release|Any CPU
		{12EC22F5-2586-4AD3-AE03-319C2FAC0B06}.Debug|Any CPU.ActiveCfg = Debug|Any CPU
		{12EC22F5-2586-4AD3-AE03-319C2FAC0B06}.Debug|Any CPU.Build.0 = Debug|Any CPU
		{12EC22F5-2586-4AD3-AE03-319C2FAC0B06}.Debug|ARM.ActiveCfg = Debug|Any CPU
		{12EC22F5-2586-4AD3-AE03-319C2FAC0B06}.Debug|ARM.Build.0 = Debug|Any CPU
		{12EC22F5-2586-4AD3-AE03-319C2FAC0B06}.Debug|ARM64.ActiveCfg = Debug|Any CPU
		{12EC22F5-2586-4AD3-AE03-319C2FAC0B06}.Debug|ARM64.Build.0 = Debug|Any CPU
		{12EC22F5-2586-4AD3-AE03-319C2FAC0B06}.Debug|iPhone.ActiveCfg = Debug|Any CPU
		{12EC22F5-2586-4AD3-AE03-319C2FAC0B06}.Debug|iPhone.Build.0 = Debug|Any CPU
		{12EC22F5-2586-4AD3-AE03-319C2FAC0B06}.Debug|iPhoneSimulator.ActiveCfg = Debug|Any CPU
		{12EC22F5-2586-4AD3-AE03-319C2FAC0B06}.Debug|iPhoneSimulator.Build.0 = Debug|Any CPU
		{12EC22F5-2586-4AD3-AE03-319C2FAC0B06}.Debug|x64.ActiveCfg = Debug|Any CPU
		{12EC22F5-2586-4AD3-AE03-319C2FAC0B06}.Debug|x64.Build.0 = Debug|Any CPU
		{12EC22F5-2586-4AD3-AE03-319C2FAC0B06}.Debug|x86.ActiveCfg = Debug|Any CPU
		{12EC22F5-2586-4AD3-AE03-319C2FAC0B06}.Debug|x86.Build.0 = Debug|Any CPU
		{12EC22F5-2586-4AD3-AE03-319C2FAC0B06}.DebugFsql|Any CPU.ActiveCfg = Debug|Any CPU
		{12EC22F5-2586-4AD3-AE03-319C2FAC0B06}.DebugFsql|Any CPU.Build.0 = Debug|Any CPU
		{12EC22F5-2586-4AD3-AE03-319C2FAC0B06}.DebugFsql|ARM.ActiveCfg = Debug|Any CPU
		{12EC22F5-2586-4AD3-AE03-319C2FAC0B06}.DebugFsql|ARM.Build.0 = Debug|Any CPU
		{12EC22F5-2586-4AD3-AE03-319C2FAC0B06}.DebugFsql|ARM64.ActiveCfg = Debug|Any CPU
		{12EC22F5-2586-4AD3-AE03-319C2FAC0B06}.DebugFsql|ARM64.Build.0 = Debug|Any CPU
		{12EC22F5-2586-4AD3-AE03-319C2FAC0B06}.DebugFsql|iPhone.ActiveCfg = Debug|Any CPU
		{12EC22F5-2586-4AD3-AE03-319C2FAC0B06}.DebugFsql|iPhone.Build.0 = Debug|Any CPU
		{12EC22F5-2586-4AD3-AE03-319C2FAC0B06}.DebugFsql|iPhoneSimulator.ActiveCfg = Debug|Any CPU
		{12EC22F5-2586-4AD3-AE03-319C2FAC0B06}.DebugFsql|iPhoneSimulator.Build.0 = Debug|Any CPU
		{12EC22F5-2586-4AD3-AE03-319C2FAC0B06}.DebugFsql|x64.ActiveCfg = Debug|Any CPU
		{12EC22F5-2586-4AD3-AE03-319C2FAC0B06}.DebugFsql|x64.Build.0 = Debug|Any CPU
		{12EC22F5-2586-4AD3-AE03-319C2FAC0B06}.DebugFsql|x86.ActiveCfg = Debug|Any CPU
		{12EC22F5-2586-4AD3-AE03-319C2FAC0B06}.DebugFsql|x86.Build.0 = Debug|Any CPU
		{12EC22F5-2586-4AD3-AE03-319C2FAC0B06}.Release|Any CPU.ActiveCfg = Release|Any CPU
		{12EC22F5-2586-4AD3-AE03-319C2FAC0B06}.Release|Any CPU.Build.0 = Release|Any CPU
		{12EC22F5-2586-4AD3-AE03-319C2FAC0B06}.Release|ARM.ActiveCfg = Release|Any CPU
		{12EC22F5-2586-4AD3-AE03-319C2FAC0B06}.Release|ARM.Build.0 = Release|Any CPU
		{12EC22F5-2586-4AD3-AE03-319C2FAC0B06}.Release|ARM64.ActiveCfg = Release|Any CPU
		{12EC22F5-2586-4AD3-AE03-319C2FAC0B06}.Release|ARM64.Build.0 = Release|Any CPU
		{12EC22F5-2586-4AD3-AE03-319C2FAC0B06}.Release|iPhone.ActiveCfg = Release|Any CPU
		{12EC22F5-2586-4AD3-AE03-319C2FAC0B06}.Release|iPhone.Build.0 = Release|Any CPU
		{12EC22F5-2586-4AD3-AE03-319C2FAC0B06}.Release|iPhoneSimulator.ActiveCfg = Release|Any CPU
		{12EC22F5-2586-4AD3-AE03-319C2FAC0B06}.Release|iPhoneSimulator.Build.0 = Release|Any CPU
		{12EC22F5-2586-4AD3-AE03-319C2FAC0B06}.Release|x64.ActiveCfg = Release|Any CPU
		{12EC22F5-2586-4AD3-AE03-319C2FAC0B06}.Release|x64.Build.0 = Release|Any CPU
		{12EC22F5-2586-4AD3-AE03-319C2FAC0B06}.Release|x86.ActiveCfg = Release|Any CPU
		{12EC22F5-2586-4AD3-AE03-319C2FAC0B06}.Release|x86.Build.0 = Release|Any CPU
		{0BFC3652-7CD1-49E4-BA9A-70E5EC818FCE}.Debug|Any CPU.ActiveCfg = Debug|Any CPU
		{0BFC3652-7CD1-49E4-BA9A-70E5EC818FCE}.Debug|Any CPU.Build.0 = Debug|Any CPU
		{0BFC3652-7CD1-49E4-BA9A-70E5EC818FCE}.Debug|Any CPU.Deploy.0 = Debug|Any CPU
		{0BFC3652-7CD1-49E4-BA9A-70E5EC818FCE}.Debug|ARM.ActiveCfg = Debug|Any CPU
		{0BFC3652-7CD1-49E4-BA9A-70E5EC818FCE}.Debug|ARM.Build.0 = Debug|Any CPU
		{0BFC3652-7CD1-49E4-BA9A-70E5EC818FCE}.Debug|ARM.Deploy.0 = Debug|Any CPU
		{0BFC3652-7CD1-49E4-BA9A-70E5EC818FCE}.Debug|ARM64.ActiveCfg = Debug|Any CPU
		{0BFC3652-7CD1-49E4-BA9A-70E5EC818FCE}.Debug|ARM64.Build.0 = Debug|Any CPU
		{0BFC3652-7CD1-49E4-BA9A-70E5EC818FCE}.Debug|ARM64.Deploy.0 = Debug|Any CPU
		{0BFC3652-7CD1-49E4-BA9A-70E5EC818FCE}.Debug|iPhone.ActiveCfg = Debug|Any CPU
		{0BFC3652-7CD1-49E4-BA9A-70E5EC818FCE}.Debug|iPhone.Build.0 = Debug|Any CPU
		{0BFC3652-7CD1-49E4-BA9A-70E5EC818FCE}.Debug|iPhone.Deploy.0 = Debug|Any CPU
		{0BFC3652-7CD1-49E4-BA9A-70E5EC818FCE}.Debug|iPhoneSimulator.ActiveCfg = Debug|Any CPU
		{0BFC3652-7CD1-49E4-BA9A-70E5EC818FCE}.Debug|iPhoneSimulator.Build.0 = Debug|Any CPU
		{0BFC3652-7CD1-49E4-BA9A-70E5EC818FCE}.Debug|iPhoneSimulator.Deploy.0 = Debug|Any CPU
		{0BFC3652-7CD1-49E4-BA9A-70E5EC818FCE}.Debug|x64.ActiveCfg = Debug|Any CPU
		{0BFC3652-7CD1-49E4-BA9A-70E5EC818FCE}.Debug|x64.Build.0 = Debug|Any CPU
		{0BFC3652-7CD1-49E4-BA9A-70E5EC818FCE}.Debug|x64.Deploy.0 = Debug|Any CPU
		{0BFC3652-7CD1-49E4-BA9A-70E5EC818FCE}.Debug|x86.ActiveCfg = Debug|Any CPU
		{0BFC3652-7CD1-49E4-BA9A-70E5EC818FCE}.Debug|x86.Build.0 = Debug|Any CPU
		{0BFC3652-7CD1-49E4-BA9A-70E5EC818FCE}.Debug|x86.Deploy.0 = Debug|Any CPU
		{0BFC3652-7CD1-49E4-BA9A-70E5EC818FCE}.DebugFsql|Any CPU.ActiveCfg = Debug|Any CPU
		{0BFC3652-7CD1-49E4-BA9A-70E5EC818FCE}.DebugFsql|Any CPU.Build.0 = Debug|Any CPU
		{0BFC3652-7CD1-49E4-BA9A-70E5EC818FCE}.DebugFsql|Any CPU.Deploy.0 = Debug|Any CPU
		{0BFC3652-7CD1-49E4-BA9A-70E5EC818FCE}.DebugFsql|ARM.ActiveCfg = Debug|Any CPU
		{0BFC3652-7CD1-49E4-BA9A-70E5EC818FCE}.DebugFsql|ARM.Build.0 = Debug|Any CPU
		{0BFC3652-7CD1-49E4-BA9A-70E5EC818FCE}.DebugFsql|ARM.Deploy.0 = Debug|Any CPU
		{0BFC3652-7CD1-49E4-BA9A-70E5EC818FCE}.DebugFsql|ARM64.ActiveCfg = Debug|Any CPU
		{0BFC3652-7CD1-49E4-BA9A-70E5EC818FCE}.DebugFsql|ARM64.Build.0 = Debug|Any CPU
		{0BFC3652-7CD1-49E4-BA9A-70E5EC818FCE}.DebugFsql|ARM64.Deploy.0 = Debug|Any CPU
		{0BFC3652-7CD1-49E4-BA9A-70E5EC818FCE}.DebugFsql|iPhone.ActiveCfg = Debug|Any CPU
		{0BFC3652-7CD1-49E4-BA9A-70E5EC818FCE}.DebugFsql|iPhone.Build.0 = Debug|Any CPU
		{0BFC3652-7CD1-49E4-BA9A-70E5EC818FCE}.DebugFsql|iPhone.Deploy.0 = Debug|Any CPU
		{0BFC3652-7CD1-49E4-BA9A-70E5EC818FCE}.DebugFsql|iPhoneSimulator.ActiveCfg = Debug|Any CPU
		{0BFC3652-7CD1-49E4-BA9A-70E5EC818FCE}.DebugFsql|iPhoneSimulator.Build.0 = Debug|Any CPU
		{0BFC3652-7CD1-49E4-BA9A-70E5EC818FCE}.DebugFsql|iPhoneSimulator.Deploy.0 = Debug|Any CPU
		{0BFC3652-7CD1-49E4-BA9A-70E5EC818FCE}.DebugFsql|x64.ActiveCfg = Debug|Any CPU
		{0BFC3652-7CD1-49E4-BA9A-70E5EC818FCE}.DebugFsql|x64.Build.0 = Debug|Any CPU
		{0BFC3652-7CD1-49E4-BA9A-70E5EC818FCE}.DebugFsql|x64.Deploy.0 = Debug|Any CPU
		{0BFC3652-7CD1-49E4-BA9A-70E5EC818FCE}.DebugFsql|x86.ActiveCfg = Debug|Any CPU
		{0BFC3652-7CD1-49E4-BA9A-70E5EC818FCE}.DebugFsql|x86.Build.0 = Debug|Any CPU
		{0BFC3652-7CD1-49E4-BA9A-70E5EC818FCE}.DebugFsql|x86.Deploy.0 = Debug|Any CPU
		{0BFC3652-7CD1-49E4-BA9A-70E5EC818FCE}.Release|Any CPU.ActiveCfg = Release|Any CPU
		{0BFC3652-7CD1-49E4-BA9A-70E5EC818FCE}.Release|Any CPU.Build.0 = Release|Any CPU
		{0BFC3652-7CD1-49E4-BA9A-70E5EC818FCE}.Release|Any CPU.Deploy.0 = Release|Any CPU
		{0BFC3652-7CD1-49E4-BA9A-70E5EC818FCE}.Release|ARM.ActiveCfg = Release|Any CPU
		{0BFC3652-7CD1-49E4-BA9A-70E5EC818FCE}.Release|ARM.Build.0 = Release|Any CPU
		{0BFC3652-7CD1-49E4-BA9A-70E5EC818FCE}.Release|ARM.Deploy.0 = Release|Any CPU
		{0BFC3652-7CD1-49E4-BA9A-70E5EC818FCE}.Release|ARM64.ActiveCfg = Release|Any CPU
		{0BFC3652-7CD1-49E4-BA9A-70E5EC818FCE}.Release|ARM64.Build.0 = Release|Any CPU
		{0BFC3652-7CD1-49E4-BA9A-70E5EC818FCE}.Release|ARM64.Deploy.0 = Release|Any CPU
		{0BFC3652-7CD1-49E4-BA9A-70E5EC818FCE}.Release|iPhone.ActiveCfg = Release|Any CPU
		{0BFC3652-7CD1-49E4-BA9A-70E5EC818FCE}.Release|iPhone.Build.0 = Release|Any CPU
		{0BFC3652-7CD1-49E4-BA9A-70E5EC818FCE}.Release|iPhone.Deploy.0 = Release|Any CPU
		{0BFC3652-7CD1-49E4-BA9A-70E5EC818FCE}.Release|iPhoneSimulator.ActiveCfg = Release|Any CPU
		{0BFC3652-7CD1-49E4-BA9A-70E5EC818FCE}.Release|iPhoneSimulator.Build.0 = Release|Any CPU
		{0BFC3652-7CD1-49E4-BA9A-70E5EC818FCE}.Release|iPhoneSimulator.Deploy.0 = Release|Any CPU
		{0BFC3652-7CD1-49E4-BA9A-70E5EC818FCE}.Release|x64.ActiveCfg = Release|Any CPU
		{0BFC3652-7CD1-49E4-BA9A-70E5EC818FCE}.Release|x64.Build.0 = Release|Any CPU
		{0BFC3652-7CD1-49E4-BA9A-70E5EC818FCE}.Release|x64.Deploy.0 = Release|Any CPU
		{0BFC3652-7CD1-49E4-BA9A-70E5EC818FCE}.Release|x86.ActiveCfg = Release|Any CPU
		{0BFC3652-7CD1-49E4-BA9A-70E5EC818FCE}.Release|x86.Build.0 = Release|Any CPU
		{0BFC3652-7CD1-49E4-BA9A-70E5EC818FCE}.Release|x86.Deploy.0 = Release|Any CPU
		{F4C814E7-FCDC-4596-854D-8FA5CD992C67}.Debug|Any CPU.ActiveCfg = Debug|iPhoneSimulator
		{F4C814E7-FCDC-4596-854D-8FA5CD992C67}.Debug|ARM.ActiveCfg = Debug|iPhone
		{F4C814E7-FCDC-4596-854D-8FA5CD992C67}.Debug|ARM.Build.0 = Debug|iPhone
		{F4C814E7-FCDC-4596-854D-8FA5CD992C67}.Debug|ARM64.ActiveCfg = Debug|iPhone
		{F4C814E7-FCDC-4596-854D-8FA5CD992C67}.Debug|ARM64.Build.0 = Debug|iPhone
		{F4C814E7-FCDC-4596-854D-8FA5CD992C67}.Debug|iPhone.ActiveCfg = Debug|iPhone
		{F4C814E7-FCDC-4596-854D-8FA5CD992C67}.Debug|iPhone.Build.0 = Debug|iPhone
		{F4C814E7-FCDC-4596-854D-8FA5CD992C67}.Debug|iPhone.Deploy.0 = Debug|iPhone
		{F4C814E7-FCDC-4596-854D-8FA5CD992C67}.Debug|iPhoneSimulator.ActiveCfg = Debug|iPhoneSimulator
		{F4C814E7-FCDC-4596-854D-8FA5CD992C67}.Debug|iPhoneSimulator.Build.0 = Debug|iPhoneSimulator
		{F4C814E7-FCDC-4596-854D-8FA5CD992C67}.Debug|x64.ActiveCfg = Debug|iPhone
		{F4C814E7-FCDC-4596-854D-8FA5CD992C67}.Debug|x64.Build.0 = Debug|iPhone
		{F4C814E7-FCDC-4596-854D-8FA5CD992C67}.Debug|x86.ActiveCfg = Debug|iPhone
		{F4C814E7-FCDC-4596-854D-8FA5CD992C67}.Debug|x86.Build.0 = Debug|iPhone
		{F4C814E7-FCDC-4596-854D-8FA5CD992C67}.DebugFsql|Any CPU.ActiveCfg = Release|iPhone
		{F4C814E7-FCDC-4596-854D-8FA5CD992C67}.DebugFsql|Any CPU.Build.0 = Release|iPhone
		{F4C814E7-FCDC-4596-854D-8FA5CD992C67}.DebugFsql|ARM.ActiveCfg = Release|iPhone
		{F4C814E7-FCDC-4596-854D-8FA5CD992C67}.DebugFsql|ARM.Build.0 = Release|iPhone
		{F4C814E7-FCDC-4596-854D-8FA5CD992C67}.DebugFsql|ARM64.ActiveCfg = Release|iPhone
		{F4C814E7-FCDC-4596-854D-8FA5CD992C67}.DebugFsql|ARM64.Build.0 = Release|iPhone
		{F4C814E7-FCDC-4596-854D-8FA5CD992C67}.DebugFsql|iPhone.ActiveCfg = Debug|iPhone
		{F4C814E7-FCDC-4596-854D-8FA5CD992C67}.DebugFsql|iPhone.Build.0 = Debug|iPhone
		{F4C814E7-FCDC-4596-854D-8FA5CD992C67}.DebugFsql|iPhoneSimulator.ActiveCfg = Debug|iPhoneSimulator
		{F4C814E7-FCDC-4596-854D-8FA5CD992C67}.DebugFsql|iPhoneSimulator.Build.0 = Debug|iPhoneSimulator
		{F4C814E7-FCDC-4596-854D-8FA5CD992C67}.DebugFsql|x64.ActiveCfg = Release|iPhone
		{F4C814E7-FCDC-4596-854D-8FA5CD992C67}.DebugFsql|x64.Build.0 = Release|iPhone
		{F4C814E7-FCDC-4596-854D-8FA5CD992C67}.DebugFsql|x86.ActiveCfg = Release|iPhone
		{F4C814E7-FCDC-4596-854D-8FA5CD992C67}.DebugFsql|x86.Build.0 = Release|iPhone
		{F4C814E7-FCDC-4596-854D-8FA5CD992C67}.Release|Any CPU.ActiveCfg = Release|iPhoneSimulator
		{F4C814E7-FCDC-4596-854D-8FA5CD992C67}.Release|ARM.ActiveCfg = Release|iPhone
		{F4C814E7-FCDC-4596-854D-8FA5CD992C67}.Release|ARM.Build.0 = Release|iPhone
		{F4C814E7-FCDC-4596-854D-8FA5CD992C67}.Release|ARM64.ActiveCfg = Release|iPhone
		{F4C814E7-FCDC-4596-854D-8FA5CD992C67}.Release|ARM64.Build.0 = Release|iPhone
		{F4C814E7-FCDC-4596-854D-8FA5CD992C67}.Release|iPhone.ActiveCfg = Release|iPhone
		{F4C814E7-FCDC-4596-854D-8FA5CD992C67}.Release|iPhone.Build.0 = Release|iPhone
		{F4C814E7-FCDC-4596-854D-8FA5CD992C67}.Release|iPhoneSimulator.ActiveCfg = Release|iPhoneSimulator
		{F4C814E7-FCDC-4596-854D-8FA5CD992C67}.Release|iPhoneSimulator.Build.0 = Release|iPhoneSimulator
		{F4C814E7-FCDC-4596-854D-8FA5CD992C67}.Release|x64.ActiveCfg = Release|iPhone
		{F4C814E7-FCDC-4596-854D-8FA5CD992C67}.Release|x64.Build.0 = Release|iPhone
		{F4C814E7-FCDC-4596-854D-8FA5CD992C67}.Release|x86.ActiveCfg = Release|iPhone
		{F4C814E7-FCDC-4596-854D-8FA5CD992C67}.Release|x86.Build.0 = Release|iPhone
		{8DE304CD-502D-431C-90DF-9BC4FB8B3906}.Debug|Any CPU.ActiveCfg = Debug|Any CPU
		{8DE304CD-502D-431C-90DF-9BC4FB8B3906}.Debug|Any CPU.Build.0 = Debug|Any CPU
		{8DE304CD-502D-431C-90DF-9BC4FB8B3906}.Debug|ARM.ActiveCfg = Debug|Any CPU
		{8DE304CD-502D-431C-90DF-9BC4FB8B3906}.Debug|ARM.Build.0 = Debug|Any CPU
		{8DE304CD-502D-431C-90DF-9BC4FB8B3906}.Debug|ARM64.ActiveCfg = Debug|Any CPU
		{8DE304CD-502D-431C-90DF-9BC4FB8B3906}.Debug|ARM64.Build.0 = Debug|Any CPU
		{8DE304CD-502D-431C-90DF-9BC4FB8B3906}.Debug|iPhone.ActiveCfg = Debug|Any CPU
		{8DE304CD-502D-431C-90DF-9BC4FB8B3906}.Debug|iPhone.Build.0 = Debug|Any CPU
		{8DE304CD-502D-431C-90DF-9BC4FB8B3906}.Debug|iPhoneSimulator.ActiveCfg = Debug|Any CPU
		{8DE304CD-502D-431C-90DF-9BC4FB8B3906}.Debug|iPhoneSimulator.Build.0 = Debug|Any CPU
		{8DE304CD-502D-431C-90DF-9BC4FB8B3906}.Debug|x64.ActiveCfg = Debug|Any CPU
		{8DE304CD-502D-431C-90DF-9BC4FB8B3906}.Debug|x64.Build.0 = Debug|Any CPU
		{8DE304CD-502D-431C-90DF-9BC4FB8B3906}.Debug|x86.ActiveCfg = Debug|Any CPU
		{8DE304CD-502D-431C-90DF-9BC4FB8B3906}.Debug|x86.Build.0 = Debug|Any CPU
		{8DE304CD-502D-431C-90DF-9BC4FB8B3906}.DebugFsql|Any CPU.ActiveCfg = Debug|Any CPU
		{8DE304CD-502D-431C-90DF-9BC4FB8B3906}.DebugFsql|Any CPU.Build.0 = Debug|Any CPU
		{8DE304CD-502D-431C-90DF-9BC4FB8B3906}.DebugFsql|ARM.ActiveCfg = Debug|Any CPU
		{8DE304CD-502D-431C-90DF-9BC4FB8B3906}.DebugFsql|ARM.Build.0 = Debug|Any CPU
		{8DE304CD-502D-431C-90DF-9BC4FB8B3906}.DebugFsql|ARM64.ActiveCfg = Debug|Any CPU
		{8DE304CD-502D-431C-90DF-9BC4FB8B3906}.DebugFsql|ARM64.Build.0 = Debug|Any CPU
		{8DE304CD-502D-431C-90DF-9BC4FB8B3906}.DebugFsql|iPhone.ActiveCfg = Debug|Any CPU
		{8DE304CD-502D-431C-90DF-9BC4FB8B3906}.DebugFsql|iPhone.Build.0 = Debug|Any CPU
		{8DE304CD-502D-431C-90DF-9BC4FB8B3906}.DebugFsql|iPhoneSimulator.ActiveCfg = Debug|Any CPU
		{8DE304CD-502D-431C-90DF-9BC4FB8B3906}.DebugFsql|iPhoneSimulator.Build.0 = Debug|Any CPU
		{8DE304CD-502D-431C-90DF-9BC4FB8B3906}.DebugFsql|x64.ActiveCfg = Debug|Any CPU
		{8DE304CD-502D-431C-90DF-9BC4FB8B3906}.DebugFsql|x64.Build.0 = Debug|Any CPU
		{8DE304CD-502D-431C-90DF-9BC4FB8B3906}.DebugFsql|x86.ActiveCfg = Debug|Any CPU
		{8DE304CD-502D-431C-90DF-9BC4FB8B3906}.DebugFsql|x86.Build.0 = Debug|Any CPU
		{8DE304CD-502D-431C-90DF-9BC4FB8B3906}.Release|Any CPU.ActiveCfg = Release|Any CPU
		{8DE304CD-502D-431C-90DF-9BC4FB8B3906}.Release|Any CPU.Build.0 = Release|Any CPU
		{8DE304CD-502D-431C-90DF-9BC4FB8B3906}.Release|ARM.ActiveCfg = Release|Any CPU
		{8DE304CD-502D-431C-90DF-9BC4FB8B3906}.Release|ARM.Build.0 = Release|Any CPU
		{8DE304CD-502D-431C-90DF-9BC4FB8B3906}.Release|ARM64.ActiveCfg = Release|Any CPU
		{8DE304CD-502D-431C-90DF-9BC4FB8B3906}.Release|ARM64.Build.0 = Release|Any CPU
		{8DE304CD-502D-431C-90DF-9BC4FB8B3906}.Release|iPhone.ActiveCfg = Release|Any CPU
		{8DE304CD-502D-431C-90DF-9BC4FB8B3906}.Release|iPhone.Build.0 = Release|Any CPU
		{8DE304CD-502D-431C-90DF-9BC4FB8B3906}.Release|iPhoneSimulator.ActiveCfg = Release|Any CPU
		{8DE304CD-502D-431C-90DF-9BC4FB8B3906}.Release|iPhoneSimulator.Build.0 = Release|Any CPU
		{8DE304CD-502D-431C-90DF-9BC4FB8B3906}.Release|x64.ActiveCfg = Release|Any CPU
		{8DE304CD-502D-431C-90DF-9BC4FB8B3906}.Release|x64.Build.0 = Release|Any CPU
		{8DE304CD-502D-431C-90DF-9BC4FB8B3906}.Release|x86.ActiveCfg = Release|Any CPU
		{8DE304CD-502D-431C-90DF-9BC4FB8B3906}.Release|x86.Build.0 = Release|Any CPU
		{00299BBB-9588-4A22-89E9-C0AD196E249D}.Debug|Any CPU.ActiveCfg = Debug|Any CPU
		{00299BBB-9588-4A22-89E9-C0AD196E249D}.Debug|Any CPU.Build.0 = Debug|Any CPU
		{00299BBB-9588-4A22-89E9-C0AD196E249D}.Debug|ARM.ActiveCfg = Debug|Any CPU
		{00299BBB-9588-4A22-89E9-C0AD196E249D}.Debug|ARM.Build.0 = Debug|Any CPU
		{00299BBB-9588-4A22-89E9-C0AD196E249D}.Debug|ARM64.ActiveCfg = Debug|Any CPU
		{00299BBB-9588-4A22-89E9-C0AD196E249D}.Debug|ARM64.Build.0 = Debug|Any CPU
		{00299BBB-9588-4A22-89E9-C0AD196E249D}.Debug|iPhone.ActiveCfg = Debug|Any CPU
		{00299BBB-9588-4A22-89E9-C0AD196E249D}.Debug|iPhone.Build.0 = Debug|Any CPU
		{00299BBB-9588-4A22-89E9-C0AD196E249D}.Debug|iPhoneSimulator.ActiveCfg = Debug|Any CPU
		{00299BBB-9588-4A22-89E9-C0AD196E249D}.Debug|iPhoneSimulator.Build.0 = Debug|Any CPU
		{00299BBB-9588-4A22-89E9-C0AD196E249D}.Debug|x64.ActiveCfg = Debug|Any CPU
		{00299BBB-9588-4A22-89E9-C0AD196E249D}.Debug|x64.Build.0 = Debug|Any CPU
		{00299BBB-9588-4A22-89E9-C0AD196E249D}.Debug|x86.ActiveCfg = Debug|Any CPU
		{00299BBB-9588-4A22-89E9-C0AD196E249D}.Debug|x86.Build.0 = Debug|Any CPU
		{00299BBB-9588-4A22-89E9-C0AD196E249D}.DebugFsql|Any CPU.ActiveCfg = Debug|Any CPU
		{00299BBB-9588-4A22-89E9-C0AD196E249D}.DebugFsql|Any CPU.Build.0 = Debug|Any CPU
		{00299BBB-9588-4A22-89E9-C0AD196E249D}.DebugFsql|ARM.ActiveCfg = Debug|Any CPU
		{00299BBB-9588-4A22-89E9-C0AD196E249D}.DebugFsql|ARM.Build.0 = Debug|Any CPU
		{00299BBB-9588-4A22-89E9-C0AD196E249D}.DebugFsql|ARM64.ActiveCfg = Debug|Any CPU
		{00299BBB-9588-4A22-89E9-C0AD196E249D}.DebugFsql|ARM64.Build.0 = Debug|Any CPU
		{00299BBB-9588-4A22-89E9-C0AD196E249D}.DebugFsql|iPhone.ActiveCfg = Debug|Any CPU
		{00299BBB-9588-4A22-89E9-C0AD196E249D}.DebugFsql|iPhone.Build.0 = Debug|Any CPU
		{00299BBB-9588-4A22-89E9-C0AD196E249D}.DebugFsql|iPhoneSimulator.ActiveCfg = Debug|Any CPU
		{00299BBB-9588-4A22-89E9-C0AD196E249D}.DebugFsql|iPhoneSimulator.Build.0 = Debug|Any CPU
		{00299BBB-9588-4A22-89E9-C0AD196E249D}.DebugFsql|x64.ActiveCfg = Debug|Any CPU
		{00299BBB-9588-4A22-89E9-C0AD196E249D}.DebugFsql|x64.Build.0 = Debug|Any CPU
		{00299BBB-9588-4A22-89E9-C0AD196E249D}.DebugFsql|x86.ActiveCfg = Debug|Any CPU
		{00299BBB-9588-4A22-89E9-C0AD196E249D}.DebugFsql|x86.Build.0 = Debug|Any CPU
		{00299BBB-9588-4A22-89E9-C0AD196E249D}.Release|Any CPU.ActiveCfg = Release|Any CPU
		{00299BBB-9588-4A22-89E9-C0AD196E249D}.Release|Any CPU.Build.0 = Release|Any CPU
		{00299BBB-9588-4A22-89E9-C0AD196E249D}.Release|ARM.ActiveCfg = Release|Any CPU
		{00299BBB-9588-4A22-89E9-C0AD196E249D}.Release|ARM.Build.0 = Release|Any CPU
		{00299BBB-9588-4A22-89E9-C0AD196E249D}.Release|ARM64.ActiveCfg = Release|Any CPU
		{00299BBB-9588-4A22-89E9-C0AD196E249D}.Release|ARM64.Build.0 = Release|Any CPU
		{00299BBB-9588-4A22-89E9-C0AD196E249D}.Release|iPhone.ActiveCfg = Release|Any CPU
		{00299BBB-9588-4A22-89E9-C0AD196E249D}.Release|iPhone.Build.0 = Release|Any CPU
		{00299BBB-9588-4A22-89E9-C0AD196E249D}.Release|iPhoneSimulator.ActiveCfg = Release|Any CPU
		{00299BBB-9588-4A22-89E9-C0AD196E249D}.Release|iPhoneSimulator.Build.0 = Release|Any CPU
		{00299BBB-9588-4A22-89E9-C0AD196E249D}.Release|x64.ActiveCfg = Release|Any CPU
		{00299BBB-9588-4A22-89E9-C0AD196E249D}.Release|x64.Build.0 = Release|Any CPU
		{00299BBB-9588-4A22-89E9-C0AD196E249D}.Release|x86.ActiveCfg = Release|Any CPU
		{00299BBB-9588-4A22-89E9-C0AD196E249D}.Release|x86.Build.0 = Release|Any CPU
		{74D99F7D-6AE2-47F0-8E57-6413DD6BB055}.Debug|Any CPU.ActiveCfg = Debug|Any CPU
		{74D99F7D-6AE2-47F0-8E57-6413DD6BB055}.Debug|Any CPU.Build.0 = Debug|Any CPU
		{74D99F7D-6AE2-47F0-8E57-6413DD6BB055}.Debug|ARM.ActiveCfg = Debug|Any CPU
		{74D99F7D-6AE2-47F0-8E57-6413DD6BB055}.Debug|ARM.Build.0 = Debug|Any CPU
		{74D99F7D-6AE2-47F0-8E57-6413DD6BB055}.Debug|ARM64.ActiveCfg = Debug|Any CPU
		{74D99F7D-6AE2-47F0-8E57-6413DD6BB055}.Debug|ARM64.Build.0 = Debug|Any CPU
		{74D99F7D-6AE2-47F0-8E57-6413DD6BB055}.Debug|iPhone.ActiveCfg = Debug|Any CPU
		{74D99F7D-6AE2-47F0-8E57-6413DD6BB055}.Debug|iPhone.Build.0 = Debug|Any CPU
		{74D99F7D-6AE2-47F0-8E57-6413DD6BB055}.Debug|iPhoneSimulator.ActiveCfg = Debug|Any CPU
		{74D99F7D-6AE2-47F0-8E57-6413DD6BB055}.Debug|iPhoneSimulator.Build.0 = Debug|Any CPU
		{74D99F7D-6AE2-47F0-8E57-6413DD6BB055}.Debug|x64.ActiveCfg = Debug|Any CPU
		{74D99F7D-6AE2-47F0-8E57-6413DD6BB055}.Debug|x64.Build.0 = Debug|Any CPU
		{74D99F7D-6AE2-47F0-8E57-6413DD6BB055}.Debug|x86.ActiveCfg = Debug|Any CPU
		{74D99F7D-6AE2-47F0-8E57-6413DD6BB055}.Debug|x86.Build.0 = Debug|Any CPU
		{74D99F7D-6AE2-47F0-8E57-6413DD6BB055}.DebugFsql|Any CPU.ActiveCfg = Debug|Any CPU
		{74D99F7D-6AE2-47F0-8E57-6413DD6BB055}.DebugFsql|Any CPU.Build.0 = Debug|Any CPU
		{74D99F7D-6AE2-47F0-8E57-6413DD6BB055}.DebugFsql|ARM.ActiveCfg = Debug|Any CPU
		{74D99F7D-6AE2-47F0-8E57-6413DD6BB055}.DebugFsql|ARM.Build.0 = Debug|Any CPU
		{74D99F7D-6AE2-47F0-8E57-6413DD6BB055}.DebugFsql|ARM64.ActiveCfg = Debug|Any CPU
		{74D99F7D-6AE2-47F0-8E57-6413DD6BB055}.DebugFsql|ARM64.Build.0 = Debug|Any CPU
		{74D99F7D-6AE2-47F0-8E57-6413DD6BB055}.DebugFsql|iPhone.ActiveCfg = Debug|Any CPU
		{74D99F7D-6AE2-47F0-8E57-6413DD6BB055}.DebugFsql|iPhone.Build.0 = Debug|Any CPU
		{74D99F7D-6AE2-47F0-8E57-6413DD6BB055}.DebugFsql|iPhoneSimulator.ActiveCfg = Debug|Any CPU
		{74D99F7D-6AE2-47F0-8E57-6413DD6BB055}.DebugFsql|iPhoneSimulator.Build.0 = Debug|Any CPU
		{74D99F7D-6AE2-47F0-8E57-6413DD6BB055}.DebugFsql|x64.ActiveCfg = Debug|Any CPU
		{74D99F7D-6AE2-47F0-8E57-6413DD6BB055}.DebugFsql|x64.Build.0 = Debug|Any CPU
		{74D99F7D-6AE2-47F0-8E57-6413DD6BB055}.DebugFsql|x86.ActiveCfg = Debug|Any CPU
		{74D99F7D-6AE2-47F0-8E57-6413DD6BB055}.DebugFsql|x86.Build.0 = Debug|Any CPU
		{74D99F7D-6AE2-47F0-8E57-6413DD6BB055}.Release|Any CPU.ActiveCfg = Release|Any CPU
		{74D99F7D-6AE2-47F0-8E57-6413DD6BB055}.Release|Any CPU.Build.0 = Release|Any CPU
		{74D99F7D-6AE2-47F0-8E57-6413DD6BB055}.Release|ARM.ActiveCfg = Release|Any CPU
		{74D99F7D-6AE2-47F0-8E57-6413DD6BB055}.Release|ARM.Build.0 = Release|Any CPU
		{74D99F7D-6AE2-47F0-8E57-6413DD6BB055}.Release|ARM64.ActiveCfg = Release|Any CPU
		{74D99F7D-6AE2-47F0-8E57-6413DD6BB055}.Release|ARM64.Build.0 = Release|Any CPU
		{74D99F7D-6AE2-47F0-8E57-6413DD6BB055}.Release|iPhone.ActiveCfg = Release|Any CPU
		{74D99F7D-6AE2-47F0-8E57-6413DD6BB055}.Release|iPhone.Build.0 = Release|Any CPU
		{74D99F7D-6AE2-47F0-8E57-6413DD6BB055}.Release|iPhoneSimulator.ActiveCfg = Release|Any CPU
		{74D99F7D-6AE2-47F0-8E57-6413DD6BB055}.Release|iPhoneSimulator.Build.0 = Release|Any CPU
		{74D99F7D-6AE2-47F0-8E57-6413DD6BB055}.Release|x64.ActiveCfg = Release|Any CPU
		{74D99F7D-6AE2-47F0-8E57-6413DD6BB055}.Release|x64.Build.0 = Release|Any CPU
		{74D99F7D-6AE2-47F0-8E57-6413DD6BB055}.Release|x86.ActiveCfg = Release|Any CPU
		{74D99F7D-6AE2-47F0-8E57-6413DD6BB055}.Release|x86.Build.0 = Release|Any CPU
		{FA1AAD33-0ECA-4DB4-BF72-AAFA417D1C42}.Debug|Any CPU.ActiveCfg = Debug|Any CPU
		{FA1AAD33-0ECA-4DB4-BF72-AAFA417D1C42}.Debug|Any CPU.Build.0 = Debug|Any CPU
		{FA1AAD33-0ECA-4DB4-BF72-AAFA417D1C42}.Debug|ARM.ActiveCfg = Debug|Any CPU
		{FA1AAD33-0ECA-4DB4-BF72-AAFA417D1C42}.Debug|ARM.Build.0 = Debug|Any CPU
		{FA1AAD33-0ECA-4DB4-BF72-AAFA417D1C42}.Debug|ARM64.ActiveCfg = Debug|Any CPU
		{FA1AAD33-0ECA-4DB4-BF72-AAFA417D1C42}.Debug|ARM64.Build.0 = Debug|Any CPU
		{FA1AAD33-0ECA-4DB4-BF72-AAFA417D1C42}.Debug|iPhone.ActiveCfg = Debug|Any CPU
		{FA1AAD33-0ECA-4DB4-BF72-AAFA417D1C42}.Debug|iPhone.Build.0 = Debug|Any CPU
		{FA1AAD33-0ECA-4DB4-BF72-AAFA417D1C42}.Debug|iPhoneSimulator.ActiveCfg = Debug|Any CPU
		{FA1AAD33-0ECA-4DB4-BF72-AAFA417D1C42}.Debug|iPhoneSimulator.Build.0 = Debug|Any CPU
		{FA1AAD33-0ECA-4DB4-BF72-AAFA417D1C42}.Debug|x64.ActiveCfg = Debug|Any CPU
		{FA1AAD33-0ECA-4DB4-BF72-AAFA417D1C42}.Debug|x64.Build.0 = Debug|Any CPU
		{FA1AAD33-0ECA-4DB4-BF72-AAFA417D1C42}.Debug|x86.ActiveCfg = Debug|Any CPU
		{FA1AAD33-0ECA-4DB4-BF72-AAFA417D1C42}.Debug|x86.Build.0 = Debug|Any CPU
		{FA1AAD33-0ECA-4DB4-BF72-AAFA417D1C42}.DebugFsql|Any CPU.ActiveCfg = Debug|Any CPU
		{FA1AAD33-0ECA-4DB4-BF72-AAFA417D1C42}.DebugFsql|Any CPU.Build.0 = Debug|Any CPU
		{FA1AAD33-0ECA-4DB4-BF72-AAFA417D1C42}.DebugFsql|ARM.ActiveCfg = Debug|Any CPU
		{FA1AAD33-0ECA-4DB4-BF72-AAFA417D1C42}.DebugFsql|ARM.Build.0 = Debug|Any CPU
		{FA1AAD33-0ECA-4DB4-BF72-AAFA417D1C42}.DebugFsql|ARM64.ActiveCfg = Debug|Any CPU
		{FA1AAD33-0ECA-4DB4-BF72-AAFA417D1C42}.DebugFsql|ARM64.Build.0 = Debug|Any CPU
		{FA1AAD33-0ECA-4DB4-BF72-AAFA417D1C42}.DebugFsql|iPhone.ActiveCfg = Debug|Any CPU
		{FA1AAD33-0ECA-4DB4-BF72-AAFA417D1C42}.DebugFsql|iPhone.Build.0 = Debug|Any CPU
		{FA1AAD33-0ECA-4DB4-BF72-AAFA417D1C42}.DebugFsql|iPhoneSimulator.ActiveCfg = Debug|Any CPU
		{FA1AAD33-0ECA-4DB4-BF72-AAFA417D1C42}.DebugFsql|iPhoneSimulator.Build.0 = Debug|Any CPU
		{FA1AAD33-0ECA-4DB4-BF72-AAFA417D1C42}.DebugFsql|x64.ActiveCfg = Debug|Any CPU
		{FA1AAD33-0ECA-4DB4-BF72-AAFA417D1C42}.DebugFsql|x64.Build.0 = Debug|Any CPU
		{FA1AAD33-0ECA-4DB4-BF72-AAFA417D1C42}.DebugFsql|x86.ActiveCfg = Debug|Any CPU
		{FA1AAD33-0ECA-4DB4-BF72-AAFA417D1C42}.DebugFsql|x86.Build.0 = Debug|Any CPU
		{FA1AAD33-0ECA-4DB4-BF72-AAFA417D1C42}.Release|Any CPU.ActiveCfg = Release|Any CPU
		{FA1AAD33-0ECA-4DB4-BF72-AAFA417D1C42}.Release|Any CPU.Build.0 = Release|Any CPU
		{FA1AAD33-0ECA-4DB4-BF72-AAFA417D1C42}.Release|ARM.ActiveCfg = Release|Any CPU
		{FA1AAD33-0ECA-4DB4-BF72-AAFA417D1C42}.Release|ARM.Build.0 = Release|Any CPU
		{FA1AAD33-0ECA-4DB4-BF72-AAFA417D1C42}.Release|ARM64.ActiveCfg = Release|Any CPU
		{FA1AAD33-0ECA-4DB4-BF72-AAFA417D1C42}.Release|ARM64.Build.0 = Release|Any CPU
		{FA1AAD33-0ECA-4DB4-BF72-AAFA417D1C42}.Release|iPhone.ActiveCfg = Release|Any CPU
		{FA1AAD33-0ECA-4DB4-BF72-AAFA417D1C42}.Release|iPhone.Build.0 = Release|Any CPU
		{FA1AAD33-0ECA-4DB4-BF72-AAFA417D1C42}.Release|iPhoneSimulator.ActiveCfg = Release|Any CPU
		{FA1AAD33-0ECA-4DB4-BF72-AAFA417D1C42}.Release|iPhoneSimulator.Build.0 = Release|Any CPU
		{FA1AAD33-0ECA-4DB4-BF72-AAFA417D1C42}.Release|x64.ActiveCfg = Release|Any CPU
		{FA1AAD33-0ECA-4DB4-BF72-AAFA417D1C42}.Release|x64.Build.0 = Release|Any CPU
		{FA1AAD33-0ECA-4DB4-BF72-AAFA417D1C42}.Release|x86.ActiveCfg = Release|Any CPU
		{FA1AAD33-0ECA-4DB4-BF72-AAFA417D1C42}.Release|x86.Build.0 = Release|Any CPU
		{9ADDB47A-1497-4356-9823-15565AE76060}.Debug|Any CPU.ActiveCfg = Debug|Any CPU
		{9ADDB47A-1497-4356-9823-15565AE76060}.Debug|Any CPU.Build.0 = Debug|Any CPU
		{9ADDB47A-1497-4356-9823-15565AE76060}.Debug|ARM.ActiveCfg = Debug|Any CPU
		{9ADDB47A-1497-4356-9823-15565AE76060}.Debug|ARM.Build.0 = Debug|Any CPU
		{9ADDB47A-1497-4356-9823-15565AE76060}.Debug|ARM64.ActiveCfg = Debug|Any CPU
		{9ADDB47A-1497-4356-9823-15565AE76060}.Debug|ARM64.Build.0 = Debug|Any CPU
		{9ADDB47A-1497-4356-9823-15565AE76060}.Debug|iPhone.ActiveCfg = Debug|Any CPU
		{9ADDB47A-1497-4356-9823-15565AE76060}.Debug|iPhone.Build.0 = Debug|Any CPU
		{9ADDB47A-1497-4356-9823-15565AE76060}.Debug|iPhoneSimulator.ActiveCfg = Debug|Any CPU
		{9ADDB47A-1497-4356-9823-15565AE76060}.Debug|iPhoneSimulator.Build.0 = Debug|Any CPU
		{9ADDB47A-1497-4356-9823-15565AE76060}.Debug|x64.ActiveCfg = Debug|Any CPU
		{9ADDB47A-1497-4356-9823-15565AE76060}.Debug|x64.Build.0 = Debug|Any CPU
		{9ADDB47A-1497-4356-9823-15565AE76060}.Debug|x86.ActiveCfg = Debug|Any CPU
		{9ADDB47A-1497-4356-9823-15565AE76060}.Debug|x86.Build.0 = Debug|Any CPU
		{9ADDB47A-1497-4356-9823-15565AE76060}.DebugFsql|Any CPU.ActiveCfg = Debug|Any CPU
		{9ADDB47A-1497-4356-9823-15565AE76060}.DebugFsql|Any CPU.Build.0 = Debug|Any CPU
		{9ADDB47A-1497-4356-9823-15565AE76060}.DebugFsql|ARM.ActiveCfg = Debug|Any CPU
		{9ADDB47A-1497-4356-9823-15565AE76060}.DebugFsql|ARM.Build.0 = Debug|Any CPU
		{9ADDB47A-1497-4356-9823-15565AE76060}.DebugFsql|ARM64.ActiveCfg = Debug|Any CPU
		{9ADDB47A-1497-4356-9823-15565AE76060}.DebugFsql|ARM64.Build.0 = Debug|Any CPU
		{9ADDB47A-1497-4356-9823-15565AE76060}.DebugFsql|iPhone.ActiveCfg = Debug|Any CPU
		{9ADDB47A-1497-4356-9823-15565AE76060}.DebugFsql|iPhone.Build.0 = Debug|Any CPU
		{9ADDB47A-1497-4356-9823-15565AE76060}.DebugFsql|iPhoneSimulator.ActiveCfg = Debug|Any CPU
		{9ADDB47A-1497-4356-9823-15565AE76060}.DebugFsql|iPhoneSimulator.Build.0 = Debug|Any CPU
		{9ADDB47A-1497-4356-9823-15565AE76060}.DebugFsql|x64.ActiveCfg = Debug|Any CPU
		{9ADDB47A-1497-4356-9823-15565AE76060}.DebugFsql|x64.Build.0 = Debug|Any CPU
		{9ADDB47A-1497-4356-9823-15565AE76060}.DebugFsql|x86.ActiveCfg = Debug|Any CPU
		{9ADDB47A-1497-4356-9823-15565AE76060}.DebugFsql|x86.Build.0 = Debug|Any CPU
		{9ADDB47A-1497-4356-9823-15565AE76060}.Release|Any CPU.ActiveCfg = Release|Any CPU
		{9ADDB47A-1497-4356-9823-15565AE76060}.Release|Any CPU.Build.0 = Release|Any CPU
		{9ADDB47A-1497-4356-9823-15565AE76060}.Release|ARM.ActiveCfg = Release|Any CPU
		{9ADDB47A-1497-4356-9823-15565AE76060}.Release|ARM.Build.0 = Release|Any CPU
		{9ADDB47A-1497-4356-9823-15565AE76060}.Release|ARM64.ActiveCfg = Release|Any CPU
		{9ADDB47A-1497-4356-9823-15565AE76060}.Release|ARM64.Build.0 = Release|Any CPU
		{9ADDB47A-1497-4356-9823-15565AE76060}.Release|iPhone.ActiveCfg = Release|Any CPU
		{9ADDB47A-1497-4356-9823-15565AE76060}.Release|iPhone.Build.0 = Release|Any CPU
		{9ADDB47A-1497-4356-9823-15565AE76060}.Release|iPhoneSimulator.ActiveCfg = Release|Any CPU
		{9ADDB47A-1497-4356-9823-15565AE76060}.Release|iPhoneSimulator.Build.0 = Release|Any CPU
		{9ADDB47A-1497-4356-9823-15565AE76060}.Release|x64.ActiveCfg = Release|Any CPU
		{9ADDB47A-1497-4356-9823-15565AE76060}.Release|x64.Build.0 = Release|Any CPU
		{9ADDB47A-1497-4356-9823-15565AE76060}.Release|x86.ActiveCfg = Release|Any CPU
		{9ADDB47A-1497-4356-9823-15565AE76060}.Release|x86.Build.0 = Release|Any CPU
		{32684C3A-C130-469F-B409-6EDDDEED1C6D}.Debug|Any CPU.ActiveCfg = Debug|Any CPU
		{32684C3A-C130-469F-B409-6EDDDEED1C6D}.Debug|Any CPU.Build.0 = Debug|Any CPU
		{32684C3A-C130-469F-B409-6EDDDEED1C6D}.Debug|ARM.ActiveCfg = Debug|Any CPU
		{32684C3A-C130-469F-B409-6EDDDEED1C6D}.Debug|ARM.Build.0 = Debug|Any CPU
		{32684C3A-C130-469F-B409-6EDDDEED1C6D}.Debug|ARM64.ActiveCfg = Debug|Any CPU
		{32684C3A-C130-469F-B409-6EDDDEED1C6D}.Debug|ARM64.Build.0 = Debug|Any CPU
		{32684C3A-C130-469F-B409-6EDDDEED1C6D}.Debug|iPhone.ActiveCfg = Debug|Any CPU
		{32684C3A-C130-469F-B409-6EDDDEED1C6D}.Debug|iPhone.Build.0 = Debug|Any CPU
		{32684C3A-C130-469F-B409-6EDDDEED1C6D}.Debug|iPhoneSimulator.ActiveCfg = Debug|Any CPU
		{32684C3A-C130-469F-B409-6EDDDEED1C6D}.Debug|iPhoneSimulator.Build.0 = Debug|Any CPU
		{32684C3A-C130-469F-B409-6EDDDEED1C6D}.Debug|x64.ActiveCfg = Debug|Any CPU
		{32684C3A-C130-469F-B409-6EDDDEED1C6D}.Debug|x64.Build.0 = Debug|Any CPU
		{32684C3A-C130-469F-B409-6EDDDEED1C6D}.Debug|x86.ActiveCfg = Debug|Any CPU
		{32684C3A-C130-469F-B409-6EDDDEED1C6D}.Debug|x86.Build.0 = Debug|Any CPU
		{32684C3A-C130-469F-B409-6EDDDEED1C6D}.DebugFsql|Any CPU.ActiveCfg = Debug|Any CPU
		{32684C3A-C130-469F-B409-6EDDDEED1C6D}.DebugFsql|Any CPU.Build.0 = Debug|Any CPU
		{32684C3A-C130-469F-B409-6EDDDEED1C6D}.DebugFsql|ARM.ActiveCfg = Debug|Any CPU
		{32684C3A-C130-469F-B409-6EDDDEED1C6D}.DebugFsql|ARM.Build.0 = Debug|Any CPU
		{32684C3A-C130-469F-B409-6EDDDEED1C6D}.DebugFsql|ARM64.ActiveCfg = Debug|Any CPU
		{32684C3A-C130-469F-B409-6EDDDEED1C6D}.DebugFsql|ARM64.Build.0 = Debug|Any CPU
		{32684C3A-C130-469F-B409-6EDDDEED1C6D}.DebugFsql|iPhone.ActiveCfg = Debug|Any CPU
		{32684C3A-C130-469F-B409-6EDDDEED1C6D}.DebugFsql|iPhone.Build.0 = Debug|Any CPU
		{32684C3A-C130-469F-B409-6EDDDEED1C6D}.DebugFsql|iPhoneSimulator.ActiveCfg = Debug|Any CPU
		{32684C3A-C130-469F-B409-6EDDDEED1C6D}.DebugFsql|iPhoneSimulator.Build.0 = Debug|Any CPU
		{32684C3A-C130-469F-B409-6EDDDEED1C6D}.DebugFsql|x64.ActiveCfg = Debug|Any CPU
		{32684C3A-C130-469F-B409-6EDDDEED1C6D}.DebugFsql|x64.Build.0 = Debug|Any CPU
		{32684C3A-C130-469F-B409-6EDDDEED1C6D}.DebugFsql|x86.ActiveCfg = Debug|Any CPU
		{32684C3A-C130-469F-B409-6EDDDEED1C6D}.DebugFsql|x86.Build.0 = Debug|Any CPU
		{32684C3A-C130-469F-B409-6EDDDEED1C6D}.Release|Any CPU.ActiveCfg = Release|Any CPU
		{32684C3A-C130-469F-B409-6EDDDEED1C6D}.Release|Any CPU.Build.0 = Release|Any CPU
		{32684C3A-C130-469F-B409-6EDDDEED1C6D}.Release|ARM.ActiveCfg = Release|Any CPU
		{32684C3A-C130-469F-B409-6EDDDEED1C6D}.Release|ARM.Build.0 = Release|Any CPU
		{32684C3A-C130-469F-B409-6EDDDEED1C6D}.Release|ARM64.ActiveCfg = Release|Any CPU
		{32684C3A-C130-469F-B409-6EDDDEED1C6D}.Release|ARM64.Build.0 = Release|Any CPU
		{32684C3A-C130-469F-B409-6EDDDEED1C6D}.Release|iPhone.ActiveCfg = Release|Any CPU
		{32684C3A-C130-469F-B409-6EDDDEED1C6D}.Release|iPhone.Build.0 = Release|Any CPU
		{32684C3A-C130-469F-B409-6EDDDEED1C6D}.Release|iPhoneSimulator.ActiveCfg = Release|Any CPU
		{32684C3A-C130-469F-B409-6EDDDEED1C6D}.Release|iPhoneSimulator.Build.0 = Release|Any CPU
		{32684C3A-C130-469F-B409-6EDDDEED1C6D}.Release|x64.ActiveCfg = Release|Any CPU
		{32684C3A-C130-469F-B409-6EDDDEED1C6D}.Release|x64.Build.0 = Release|Any CPU
		{32684C3A-C130-469F-B409-6EDDDEED1C6D}.Release|x86.ActiveCfg = Release|Any CPU
		{32684C3A-C130-469F-B409-6EDDDEED1C6D}.Release|x86.Build.0 = Release|Any CPU
		{46DA644E-9B65-4002-958A-FE90E49603E8}.Debug|Any CPU.ActiveCfg = Debug|x64
		{46DA644E-9B65-4002-958A-FE90E49603E8}.Debug|Any CPU.Build.0 = Debug|x64
		{46DA644E-9B65-4002-958A-FE90E49603E8}.Debug|Any CPU.Deploy.0 = Debug|x64
		{46DA644E-9B65-4002-958A-FE90E49603E8}.Debug|ARM.ActiveCfg = Debug|ARM
		{46DA644E-9B65-4002-958A-FE90E49603E8}.Debug|ARM.Build.0 = Debug|ARM
		{46DA644E-9B65-4002-958A-FE90E49603E8}.Debug|ARM.Deploy.0 = Debug|ARM
		{46DA644E-9B65-4002-958A-FE90E49603E8}.Debug|ARM64.ActiveCfg = Debug|ARM64
		{46DA644E-9B65-4002-958A-FE90E49603E8}.Debug|ARM64.Build.0 = Debug|ARM64
		{46DA644E-9B65-4002-958A-FE90E49603E8}.Debug|ARM64.Deploy.0 = Debug|ARM64
		{46DA644E-9B65-4002-958A-FE90E49603E8}.Debug|iPhone.ActiveCfg = Debug|x64
		{46DA644E-9B65-4002-958A-FE90E49603E8}.Debug|iPhone.Build.0 = Debug|x64
		{46DA644E-9B65-4002-958A-FE90E49603E8}.Debug|iPhone.Deploy.0 = Debug|x64
		{46DA644E-9B65-4002-958A-FE90E49603E8}.Debug|iPhoneSimulator.ActiveCfg = Debug|x64
		{46DA644E-9B65-4002-958A-FE90E49603E8}.Debug|iPhoneSimulator.Build.0 = Debug|x64
		{46DA644E-9B65-4002-958A-FE90E49603E8}.Debug|iPhoneSimulator.Deploy.0 = Debug|x64
		{46DA644E-9B65-4002-958A-FE90E49603E8}.Debug|x64.ActiveCfg = Debug|x64
		{46DA644E-9B65-4002-958A-FE90E49603E8}.Debug|x64.Build.0 = Debug|x64
		{46DA644E-9B65-4002-958A-FE90E49603E8}.Debug|x64.Deploy.0 = Debug|x64
		{46DA644E-9B65-4002-958A-FE90E49603E8}.Debug|x86.ActiveCfg = Debug|x86
		{46DA644E-9B65-4002-958A-FE90E49603E8}.Debug|x86.Build.0 = Debug|x86
		{46DA644E-9B65-4002-958A-FE90E49603E8}.Debug|x86.Deploy.0 = Debug|x86
		{46DA644E-9B65-4002-958A-FE90E49603E8}.DebugFsql|Any CPU.ActiveCfg = Release|x86
		{46DA644E-9B65-4002-958A-FE90E49603E8}.DebugFsql|Any CPU.Build.0 = Release|x86
		{46DA644E-9B65-4002-958A-FE90E49603E8}.DebugFsql|Any CPU.Deploy.0 = Release|x86
		{46DA644E-9B65-4002-958A-FE90E49603E8}.DebugFsql|ARM.ActiveCfg = Debug|ARM
		{46DA644E-9B65-4002-958A-FE90E49603E8}.DebugFsql|ARM.Build.0 = Debug|ARM
		{46DA644E-9B65-4002-958A-FE90E49603E8}.DebugFsql|ARM.Deploy.0 = Debug|ARM
		{46DA644E-9B65-4002-958A-FE90E49603E8}.DebugFsql|ARM64.ActiveCfg = Debug|ARM64
		{46DA644E-9B65-4002-958A-FE90E49603E8}.DebugFsql|ARM64.Build.0 = Debug|ARM64
		{46DA644E-9B65-4002-958A-FE90E49603E8}.DebugFsql|ARM64.Deploy.0 = Debug|ARM64
		{46DA644E-9B65-4002-958A-FE90E49603E8}.DebugFsql|iPhone.ActiveCfg = Release|x86
		{46DA644E-9B65-4002-958A-FE90E49603E8}.DebugFsql|iPhone.Build.0 = Release|x86
		{46DA644E-9B65-4002-958A-FE90E49603E8}.DebugFsql|iPhone.Deploy.0 = Release|x86
		{46DA644E-9B65-4002-958A-FE90E49603E8}.DebugFsql|iPhoneSimulator.ActiveCfg = Release|x86
		{46DA644E-9B65-4002-958A-FE90E49603E8}.DebugFsql|iPhoneSimulator.Build.0 = Release|x86
		{46DA644E-9B65-4002-958A-FE90E49603E8}.DebugFsql|iPhoneSimulator.Deploy.0 = Release|x86
		{46DA644E-9B65-4002-958A-FE90E49603E8}.DebugFsql|x64.ActiveCfg = Debug|x64
		{46DA644E-9B65-4002-958A-FE90E49603E8}.DebugFsql|x64.Build.0 = Debug|x64
		{46DA644E-9B65-4002-958A-FE90E49603E8}.DebugFsql|x64.Deploy.0 = Debug|x64
		{46DA644E-9B65-4002-958A-FE90E49603E8}.DebugFsql|x86.ActiveCfg = Debug|x86
		{46DA644E-9B65-4002-958A-FE90E49603E8}.DebugFsql|x86.Build.0 = Debug|x86
		{46DA644E-9B65-4002-958A-FE90E49603E8}.DebugFsql|x86.Deploy.0 = Debug|x86
		{46DA644E-9B65-4002-958A-FE90E49603E8}.Release|Any CPU.ActiveCfg = Release|x64
		{46DA644E-9B65-4002-958A-FE90E49603E8}.Release|Any CPU.Build.0 = Release|x64
		{46DA644E-9B65-4002-958A-FE90E49603E8}.Release|Any CPU.Deploy.0 = Release|x64
		{46DA644E-9B65-4002-958A-FE90E49603E8}.Release|ARM.ActiveCfg = Release|ARM
		{46DA644E-9B65-4002-958A-FE90E49603E8}.Release|ARM.Build.0 = Release|ARM
		{46DA644E-9B65-4002-958A-FE90E49603E8}.Release|ARM.Deploy.0 = Release|ARM
		{46DA644E-9B65-4002-958A-FE90E49603E8}.Release|ARM64.ActiveCfg = Release|ARM64
		{46DA644E-9B65-4002-958A-FE90E49603E8}.Release|ARM64.Build.0 = Release|ARM64
		{46DA644E-9B65-4002-958A-FE90E49603E8}.Release|ARM64.Deploy.0 = Release|ARM64
		{46DA644E-9B65-4002-958A-FE90E49603E8}.Release|iPhone.ActiveCfg = Release|x64
		{46DA644E-9B65-4002-958A-FE90E49603E8}.Release|iPhone.Build.0 = Release|x64
		{46DA644E-9B65-4002-958A-FE90E49603E8}.Release|iPhone.Deploy.0 = Release|x64
		{46DA644E-9B65-4002-958A-FE90E49603E8}.Release|iPhoneSimulator.ActiveCfg = Release|x64
		{46DA644E-9B65-4002-958A-FE90E49603E8}.Release|iPhoneSimulator.Build.0 = Release|x64
		{46DA644E-9B65-4002-958A-FE90E49603E8}.Release|iPhoneSimulator.Deploy.0 = Release|x64
		{46DA644E-9B65-4002-958A-FE90E49603E8}.Release|x64.ActiveCfg = Release|x64
		{46DA644E-9B65-4002-958A-FE90E49603E8}.Release|x64.Build.0 = Release|x64
		{46DA644E-9B65-4002-958A-FE90E49603E8}.Release|x64.Deploy.0 = Release|x64
		{46DA644E-9B65-4002-958A-FE90E49603E8}.Release|x86.ActiveCfg = Release|x86
		{46DA644E-9B65-4002-958A-FE90E49603E8}.Release|x86.Build.0 = Release|x86
		{46DA644E-9B65-4002-958A-FE90E49603E8}.Release|x86.Deploy.0 = Release|x86
		{6EA2EDAE-28D6-4D0C-9E75-9552762F75FF}.Debug|Any CPU.ActiveCfg = Debug|Any CPU
		{6EA2EDAE-28D6-4D0C-9E75-9552762F75FF}.Debug|Any CPU.Build.0 = Debug|Any CPU
		{6EA2EDAE-28D6-4D0C-9E75-9552762F75FF}.Debug|ARM.ActiveCfg = Debug|Any CPU
		{6EA2EDAE-28D6-4D0C-9E75-9552762F75FF}.Debug|ARM.Build.0 = Debug|Any CPU
		{6EA2EDAE-28D6-4D0C-9E75-9552762F75FF}.Debug|ARM64.ActiveCfg = Debug|Any CPU
		{6EA2EDAE-28D6-4D0C-9E75-9552762F75FF}.Debug|ARM64.Build.0 = Debug|Any CPU
		{6EA2EDAE-28D6-4D0C-9E75-9552762F75FF}.Debug|iPhone.ActiveCfg = Debug|Any CPU
		{6EA2EDAE-28D6-4D0C-9E75-9552762F75FF}.Debug|iPhone.Build.0 = Debug|Any CPU
		{6EA2EDAE-28D6-4D0C-9E75-9552762F75FF}.Debug|iPhoneSimulator.ActiveCfg = Debug|Any CPU
		{6EA2EDAE-28D6-4D0C-9E75-9552762F75FF}.Debug|iPhoneSimulator.Build.0 = Debug|Any CPU
		{6EA2EDAE-28D6-4D0C-9E75-9552762F75FF}.Debug|x64.ActiveCfg = Debug|Any CPU
		{6EA2EDAE-28D6-4D0C-9E75-9552762F75FF}.Debug|x64.Build.0 = Debug|Any CPU
		{6EA2EDAE-28D6-4D0C-9E75-9552762F75FF}.Debug|x86.ActiveCfg = Debug|Any CPU
		{6EA2EDAE-28D6-4D0C-9E75-9552762F75FF}.Debug|x86.Build.0 = Debug|Any CPU
		{6EA2EDAE-28D6-4D0C-9E75-9552762F75FF}.DebugFsql|Any CPU.ActiveCfg = Debug|Any CPU
		{6EA2EDAE-28D6-4D0C-9E75-9552762F75FF}.DebugFsql|Any CPU.Build.0 = Debug|Any CPU
		{6EA2EDAE-28D6-4D0C-9E75-9552762F75FF}.DebugFsql|ARM.ActiveCfg = Debug|Any CPU
		{6EA2EDAE-28D6-4D0C-9E75-9552762F75FF}.DebugFsql|ARM.Build.0 = Debug|Any CPU
		{6EA2EDAE-28D6-4D0C-9E75-9552762F75FF}.DebugFsql|ARM64.ActiveCfg = Debug|Any CPU
		{6EA2EDAE-28D6-4D0C-9E75-9552762F75FF}.DebugFsql|ARM64.Build.0 = Debug|Any CPU
		{6EA2EDAE-28D6-4D0C-9E75-9552762F75FF}.DebugFsql|iPhone.ActiveCfg = Debug|Any CPU
		{6EA2EDAE-28D6-4D0C-9E75-9552762F75FF}.DebugFsql|iPhone.Build.0 = Debug|Any CPU
		{6EA2EDAE-28D6-4D0C-9E75-9552762F75FF}.DebugFsql|iPhoneSimulator.ActiveCfg = Debug|Any CPU
		{6EA2EDAE-28D6-4D0C-9E75-9552762F75FF}.DebugFsql|iPhoneSimulator.Build.0 = Debug|Any CPU
		{6EA2EDAE-28D6-4D0C-9E75-9552762F75FF}.DebugFsql|x64.ActiveCfg = Debug|Any CPU
		{6EA2EDAE-28D6-4D0C-9E75-9552762F75FF}.DebugFsql|x64.Build.0 = Debug|Any CPU
		{6EA2EDAE-28D6-4D0C-9E75-9552762F75FF}.DebugFsql|x86.ActiveCfg = Debug|Any CPU
		{6EA2EDAE-28D6-4D0C-9E75-9552762F75FF}.DebugFsql|x86.Build.0 = Debug|Any CPU
		{6EA2EDAE-28D6-4D0C-9E75-9552762F75FF}.Release|Any CPU.ActiveCfg = Release|Any CPU
		{6EA2EDAE-28D6-4D0C-9E75-9552762F75FF}.Release|Any CPU.Build.0 = Release|Any CPU
		{6EA2EDAE-28D6-4D0C-9E75-9552762F75FF}.Release|ARM.ActiveCfg = Release|Any CPU
		{6EA2EDAE-28D6-4D0C-9E75-9552762F75FF}.Release|ARM.Build.0 = Release|Any CPU
		{6EA2EDAE-28D6-4D0C-9E75-9552762F75FF}.Release|ARM64.ActiveCfg = Release|Any CPU
		{6EA2EDAE-28D6-4D0C-9E75-9552762F75FF}.Release|ARM64.Build.0 = Release|Any CPU
		{6EA2EDAE-28D6-4D0C-9E75-9552762F75FF}.Release|iPhone.ActiveCfg = Release|Any CPU
		{6EA2EDAE-28D6-4D0C-9E75-9552762F75FF}.Release|iPhone.Build.0 = Release|Any CPU
		{6EA2EDAE-28D6-4D0C-9E75-9552762F75FF}.Release|iPhoneSimulator.ActiveCfg = Release|Any CPU
		{6EA2EDAE-28D6-4D0C-9E75-9552762F75FF}.Release|iPhoneSimulator.Build.0 = Release|Any CPU
		{6EA2EDAE-28D6-4D0C-9E75-9552762F75FF}.Release|x64.ActiveCfg = Release|Any CPU
		{6EA2EDAE-28D6-4D0C-9E75-9552762F75FF}.Release|x64.Build.0 = Release|Any CPU
		{6EA2EDAE-28D6-4D0C-9E75-9552762F75FF}.Release|x86.ActiveCfg = Release|Any CPU
		{6EA2EDAE-28D6-4D0C-9E75-9552762F75FF}.Release|x86.Build.0 = Release|Any CPU
		{16CDF234-0974-4F53-BF46-143C8AE48B4C}.Debug|Any CPU.ActiveCfg = Debug|Any CPU
		{16CDF234-0974-4F53-BF46-143C8AE48B4C}.Debug|Any CPU.Build.0 = Debug|Any CPU
		{16CDF234-0974-4F53-BF46-143C8AE48B4C}.Debug|ARM.ActiveCfg = Debug|Any CPU
		{16CDF234-0974-4F53-BF46-143C8AE48B4C}.Debug|ARM.Build.0 = Debug|Any CPU
		{16CDF234-0974-4F53-BF46-143C8AE48B4C}.Debug|ARM64.ActiveCfg = Debug|Any CPU
		{16CDF234-0974-4F53-BF46-143C8AE48B4C}.Debug|ARM64.Build.0 = Debug|Any CPU
		{16CDF234-0974-4F53-BF46-143C8AE48B4C}.Debug|iPhone.ActiveCfg = Debug|Any CPU
		{16CDF234-0974-4F53-BF46-143C8AE48B4C}.Debug|iPhone.Build.0 = Debug|Any CPU
		{16CDF234-0974-4F53-BF46-143C8AE48B4C}.Debug|iPhoneSimulator.ActiveCfg = Debug|Any CPU
		{16CDF234-0974-4F53-BF46-143C8AE48B4C}.Debug|iPhoneSimulator.Build.0 = Debug|Any CPU
		{16CDF234-0974-4F53-BF46-143C8AE48B4C}.Debug|x64.ActiveCfg = Debug|Any CPU
		{16CDF234-0974-4F53-BF46-143C8AE48B4C}.Debug|x64.Build.0 = Debug|Any CPU
		{16CDF234-0974-4F53-BF46-143C8AE48B4C}.Debug|x86.ActiveCfg = Debug|Any CPU
		{16CDF234-0974-4F53-BF46-143C8AE48B4C}.Debug|x86.Build.0 = Debug|Any CPU
		{16CDF234-0974-4F53-BF46-143C8AE48B4C}.DebugFsql|Any CPU.ActiveCfg = DebugFsql|Any CPU
		{16CDF234-0974-4F53-BF46-143C8AE48B4C}.DebugFsql|Any CPU.Build.0 = DebugFsql|Any CPU
		{16CDF234-0974-4F53-BF46-143C8AE48B4C}.DebugFsql|ARM.ActiveCfg = DebugFsql|Any CPU
		{16CDF234-0974-4F53-BF46-143C8AE48B4C}.DebugFsql|ARM.Build.0 = DebugFsql|Any CPU
		{16CDF234-0974-4F53-BF46-143C8AE48B4C}.DebugFsql|ARM64.ActiveCfg = DebugFsql|Any CPU
		{16CDF234-0974-4F53-BF46-143C8AE48B4C}.DebugFsql|ARM64.Build.0 = DebugFsql|Any CPU
		{16CDF234-0974-4F53-BF46-143C8AE48B4C}.DebugFsql|iPhone.ActiveCfg = DebugFsql|Any CPU
		{16CDF234-0974-4F53-BF46-143C8AE48B4C}.DebugFsql|iPhone.Build.0 = DebugFsql|Any CPU
		{16CDF234-0974-4F53-BF46-143C8AE48B4C}.DebugFsql|iPhoneSimulator.ActiveCfg = DebugFsql|Any CPU
		{16CDF234-0974-4F53-BF46-143C8AE48B4C}.DebugFsql|iPhoneSimulator.Build.0 = DebugFsql|Any CPU
		{16CDF234-0974-4F53-BF46-143C8AE48B4C}.DebugFsql|x64.ActiveCfg = DebugFsql|Any CPU
		{16CDF234-0974-4F53-BF46-143C8AE48B4C}.DebugFsql|x64.Build.0 = DebugFsql|Any CPU
		{16CDF234-0974-4F53-BF46-143C8AE48B4C}.DebugFsql|x86.ActiveCfg = DebugFsql|Any CPU
		{16CDF234-0974-4F53-BF46-143C8AE48B4C}.DebugFsql|x86.Build.0 = DebugFsql|Any CPU
		{16CDF234-0974-4F53-BF46-143C8AE48B4C}.Release|Any CPU.ActiveCfg = Release|Any CPU
		{16CDF234-0974-4F53-BF46-143C8AE48B4C}.Release|Any CPU.Build.0 = Release|Any CPU
		{16CDF234-0974-4F53-BF46-143C8AE48B4C}.Release|ARM.ActiveCfg = Release|Any CPU
		{16CDF234-0974-4F53-BF46-143C8AE48B4C}.Release|ARM.Build.0 = Release|Any CPU
		{16CDF234-0974-4F53-BF46-143C8AE48B4C}.Release|ARM64.ActiveCfg = Release|Any CPU
		{16CDF234-0974-4F53-BF46-143C8AE48B4C}.Release|ARM64.Build.0 = Release|Any CPU
		{16CDF234-0974-4F53-BF46-143C8AE48B4C}.Release|iPhone.ActiveCfg = Release|Any CPU
		{16CDF234-0974-4F53-BF46-143C8AE48B4C}.Release|iPhone.Build.0 = Release|Any CPU
		{16CDF234-0974-4F53-BF46-143C8AE48B4C}.Release|iPhoneSimulator.ActiveCfg = Release|Any CPU
		{16CDF234-0974-4F53-BF46-143C8AE48B4C}.Release|iPhoneSimulator.Build.0 = Release|Any CPU
		{16CDF234-0974-4F53-BF46-143C8AE48B4C}.Release|x64.ActiveCfg = Release|Any CPU
		{16CDF234-0974-4F53-BF46-143C8AE48B4C}.Release|x64.Build.0 = Release|Any CPU
		{16CDF234-0974-4F53-BF46-143C8AE48B4C}.Release|x86.ActiveCfg = Release|Any CPU
		{16CDF234-0974-4F53-BF46-143C8AE48B4C}.Release|x86.Build.0 = Release|Any CPU
		{F5F59730-61F8-4DB3-B0D8-8B8F8EAC79A7}.Debug|Any CPU.ActiveCfg = Debug|Any CPU
		{F5F59730-61F8-4DB3-B0D8-8B8F8EAC79A7}.Debug|Any CPU.Build.0 = Debug|Any CPU
		{F5F59730-61F8-4DB3-B0D8-8B8F8EAC79A7}.Debug|ARM.ActiveCfg = Debug|Any CPU
		{F5F59730-61F8-4DB3-B0D8-8B8F8EAC79A7}.Debug|ARM.Build.0 = Debug|Any CPU
		{F5F59730-61F8-4DB3-B0D8-8B8F8EAC79A7}.Debug|ARM64.ActiveCfg = Debug|Any CPU
		{F5F59730-61F8-4DB3-B0D8-8B8F8EAC79A7}.Debug|ARM64.Build.0 = Debug|Any CPU
		{F5F59730-61F8-4DB3-B0D8-8B8F8EAC79A7}.Debug|iPhone.ActiveCfg = Debug|Any CPU
		{F5F59730-61F8-4DB3-B0D8-8B8F8EAC79A7}.Debug|iPhone.Build.0 = Debug|Any CPU
		{F5F59730-61F8-4DB3-B0D8-8B8F8EAC79A7}.Debug|iPhoneSimulator.ActiveCfg = Debug|Any CPU
		{F5F59730-61F8-4DB3-B0D8-8B8F8EAC79A7}.Debug|iPhoneSimulator.Build.0 = Debug|Any CPU
		{F5F59730-61F8-4DB3-B0D8-8B8F8EAC79A7}.Debug|x64.ActiveCfg = Debug|Any CPU
		{F5F59730-61F8-4DB3-B0D8-8B8F8EAC79A7}.Debug|x64.Build.0 = Debug|Any CPU
		{F5F59730-61F8-4DB3-B0D8-8B8F8EAC79A7}.Debug|x86.ActiveCfg = Debug|Any CPU
		{F5F59730-61F8-4DB3-B0D8-8B8F8EAC79A7}.Debug|x86.Build.0 = Debug|Any CPU
		{F5F59730-61F8-4DB3-B0D8-8B8F8EAC79A7}.DebugFsql|Any CPU.ActiveCfg = Debug|Any CPU
		{F5F59730-61F8-4DB3-B0D8-8B8F8EAC79A7}.DebugFsql|Any CPU.Build.0 = Debug|Any CPU
		{F5F59730-61F8-4DB3-B0D8-8B8F8EAC79A7}.DebugFsql|ARM.ActiveCfg = Debug|Any CPU
		{F5F59730-61F8-4DB3-B0D8-8B8F8EAC79A7}.DebugFsql|ARM.Build.0 = Debug|Any CPU
		{F5F59730-61F8-4DB3-B0D8-8B8F8EAC79A7}.DebugFsql|ARM64.ActiveCfg = Debug|Any CPU
		{F5F59730-61F8-4DB3-B0D8-8B8F8EAC79A7}.DebugFsql|ARM64.Build.0 = Debug|Any CPU
		{F5F59730-61F8-4DB3-B0D8-8B8F8EAC79A7}.DebugFsql|iPhone.ActiveCfg = Debug|Any CPU
		{F5F59730-61F8-4DB3-B0D8-8B8F8EAC79A7}.DebugFsql|iPhone.Build.0 = Debug|Any CPU
		{F5F59730-61F8-4DB3-B0D8-8B8F8EAC79A7}.DebugFsql|iPhoneSimulator.ActiveCfg = Debug|Any CPU
		{F5F59730-61F8-4DB3-B0D8-8B8F8EAC79A7}.DebugFsql|iPhoneSimulator.Build.0 = Debug|Any CPU
		{F5F59730-61F8-4DB3-B0D8-8B8F8EAC79A7}.DebugFsql|x64.ActiveCfg = Debug|Any CPU
		{F5F59730-61F8-4DB3-B0D8-8B8F8EAC79A7}.DebugFsql|x64.Build.0 = Debug|Any CPU
		{F5F59730-61F8-4DB3-B0D8-8B8F8EAC79A7}.DebugFsql|x86.ActiveCfg = Debug|Any CPU
		{F5F59730-61F8-4DB3-B0D8-8B8F8EAC79A7}.DebugFsql|x86.Build.0 = Debug|Any CPU
		{F5F59730-61F8-4DB3-B0D8-8B8F8EAC79A7}.Release|Any CPU.ActiveCfg = Release|Any CPU
		{F5F59730-61F8-4DB3-B0D8-8B8F8EAC79A7}.Release|Any CPU.Build.0 = Release|Any CPU
		{F5F59730-61F8-4DB3-B0D8-8B8F8EAC79A7}.Release|ARM.ActiveCfg = Release|Any CPU
		{F5F59730-61F8-4DB3-B0D8-8B8F8EAC79A7}.Release|ARM.Build.0 = Release|Any CPU
		{F5F59730-61F8-4DB3-B0D8-8B8F8EAC79A7}.Release|ARM64.ActiveCfg = Release|Any CPU
		{F5F59730-61F8-4DB3-B0D8-8B8F8EAC79A7}.Release|ARM64.Build.0 = Release|Any CPU
		{F5F59730-61F8-4DB3-B0D8-8B8F8EAC79A7}.Release|iPhone.ActiveCfg = Release|Any CPU
		{F5F59730-61F8-4DB3-B0D8-8B8F8EAC79A7}.Release|iPhone.Build.0 = Release|Any CPU
		{F5F59730-61F8-4DB3-B0D8-8B8F8EAC79A7}.Release|iPhoneSimulator.ActiveCfg = Release|Any CPU
		{F5F59730-61F8-4DB3-B0D8-8B8F8EAC79A7}.Release|iPhoneSimulator.Build.0 = Release|Any CPU
		{F5F59730-61F8-4DB3-B0D8-8B8F8EAC79A7}.Release|x64.ActiveCfg = Release|Any CPU
		{F5F59730-61F8-4DB3-B0D8-8B8F8EAC79A7}.Release|x64.Build.0 = Release|Any CPU
		{F5F59730-61F8-4DB3-B0D8-8B8F8EAC79A7}.Release|x86.ActiveCfg = Release|Any CPU
		{F5F59730-61F8-4DB3-B0D8-8B8F8EAC79A7}.Release|x86.Build.0 = Release|Any CPU
		{D6ACF9AB-6DAB-4312-AF28-5D96DF6601C3}.Debug|Any CPU.ActiveCfg = Debug|Any CPU
		{D6ACF9AB-6DAB-4312-AF28-5D96DF6601C3}.Debug|Any CPU.Build.0 = Debug|Any CPU
		{D6ACF9AB-6DAB-4312-AF28-5D96DF6601C3}.Debug|ARM.ActiveCfg = Debug|Any CPU
		{D6ACF9AB-6DAB-4312-AF28-5D96DF6601C3}.Debug|ARM.Build.0 = Debug|Any CPU
		{D6ACF9AB-6DAB-4312-AF28-5D96DF6601C3}.Debug|ARM64.ActiveCfg = Debug|Any CPU
		{D6ACF9AB-6DAB-4312-AF28-5D96DF6601C3}.Debug|ARM64.Build.0 = Debug|Any CPU
		{D6ACF9AB-6DAB-4312-AF28-5D96DF6601C3}.Debug|iPhone.ActiveCfg = Debug|Any CPU
		{D6ACF9AB-6DAB-4312-AF28-5D96DF6601C3}.Debug|iPhone.Build.0 = Debug|Any CPU
		{D6ACF9AB-6DAB-4312-AF28-5D96DF6601C3}.Debug|iPhoneSimulator.ActiveCfg = Debug|Any CPU
		{D6ACF9AB-6DAB-4312-AF28-5D96DF6601C3}.Debug|iPhoneSimulator.Build.0 = Debug|Any CPU
		{D6ACF9AB-6DAB-4312-AF28-5D96DF6601C3}.Debug|x64.ActiveCfg = Debug|Any CPU
		{D6ACF9AB-6DAB-4312-AF28-5D96DF6601C3}.Debug|x64.Build.0 = Debug|Any CPU
		{D6ACF9AB-6DAB-4312-AF28-5D96DF6601C3}.Debug|x86.ActiveCfg = Debug|Any CPU
		{D6ACF9AB-6DAB-4312-AF28-5D96DF6601C3}.Debug|x86.Build.0 = Debug|Any CPU
		{D6ACF9AB-6DAB-4312-AF28-5D96DF6601C3}.DebugFsql|Any CPU.ActiveCfg = Debug|Any CPU
		{D6ACF9AB-6DAB-4312-AF28-5D96DF6601C3}.DebugFsql|Any CPU.Build.0 = Debug|Any CPU
		{D6ACF9AB-6DAB-4312-AF28-5D96DF6601C3}.DebugFsql|ARM.ActiveCfg = Debug|Any CPU
		{D6ACF9AB-6DAB-4312-AF28-5D96DF6601C3}.DebugFsql|ARM.Build.0 = Debug|Any CPU
		{D6ACF9AB-6DAB-4312-AF28-5D96DF6601C3}.DebugFsql|ARM64.ActiveCfg = Debug|Any CPU
		{D6ACF9AB-6DAB-4312-AF28-5D96DF6601C3}.DebugFsql|ARM64.Build.0 = Debug|Any CPU
		{D6ACF9AB-6DAB-4312-AF28-5D96DF6601C3}.DebugFsql|iPhone.ActiveCfg = Debug|Any CPU
		{D6ACF9AB-6DAB-4312-AF28-5D96DF6601C3}.DebugFsql|iPhone.Build.0 = Debug|Any CPU
		{D6ACF9AB-6DAB-4312-AF28-5D96DF6601C3}.DebugFsql|iPhoneSimulator.ActiveCfg = Debug|Any CPU
		{D6ACF9AB-6DAB-4312-AF28-5D96DF6601C3}.DebugFsql|iPhoneSimulator.Build.0 = Debug|Any CPU
		{D6ACF9AB-6DAB-4312-AF28-5D96DF6601C3}.DebugFsql|x64.ActiveCfg = Debug|Any CPU
		{D6ACF9AB-6DAB-4312-AF28-5D96DF6601C3}.DebugFsql|x64.Build.0 = Debug|Any CPU
		{D6ACF9AB-6DAB-4312-AF28-5D96DF6601C3}.DebugFsql|x86.ActiveCfg = Debug|Any CPU
		{D6ACF9AB-6DAB-4312-AF28-5D96DF6601C3}.DebugFsql|x86.Build.0 = Debug|Any CPU
		{D6ACF9AB-6DAB-4312-AF28-5D96DF6601C3}.Release|Any CPU.ActiveCfg = Release|Any CPU
		{D6ACF9AB-6DAB-4312-AF28-5D96DF6601C3}.Release|Any CPU.Build.0 = Release|Any CPU
		{D6ACF9AB-6DAB-4312-AF28-5D96DF6601C3}.Release|ARM.ActiveCfg = Release|Any CPU
		{D6ACF9AB-6DAB-4312-AF28-5D96DF6601C3}.Release|ARM.Build.0 = Release|Any CPU
		{D6ACF9AB-6DAB-4312-AF28-5D96DF6601C3}.Release|ARM64.ActiveCfg = Release|Any CPU
		{D6ACF9AB-6DAB-4312-AF28-5D96DF6601C3}.Release|ARM64.Build.0 = Release|Any CPU
		{D6ACF9AB-6DAB-4312-AF28-5D96DF6601C3}.Release|iPhone.ActiveCfg = Release|Any CPU
		{D6ACF9AB-6DAB-4312-AF28-5D96DF6601C3}.Release|iPhone.Build.0 = Release|Any CPU
		{D6ACF9AB-6DAB-4312-AF28-5D96DF6601C3}.Release|iPhoneSimulator.ActiveCfg = Release|Any CPU
		{D6ACF9AB-6DAB-4312-AF28-5D96DF6601C3}.Release|iPhoneSimulator.Build.0 = Release|Any CPU
		{D6ACF9AB-6DAB-4312-AF28-5D96DF6601C3}.Release|x64.ActiveCfg = Release|Any CPU
		{D6ACF9AB-6DAB-4312-AF28-5D96DF6601C3}.Release|x64.Build.0 = Release|Any CPU
		{D6ACF9AB-6DAB-4312-AF28-5D96DF6601C3}.Release|x86.ActiveCfg = Release|Any CPU
		{D6ACF9AB-6DAB-4312-AF28-5D96DF6601C3}.Release|x86.Build.0 = Release|Any CPU
		{630D5AF5-52E7-461D-A048-9710B550595F}.Debug|Any CPU.ActiveCfg = Debug|Any CPU
		{630D5AF5-52E7-461D-A048-9710B550595F}.Debug|Any CPU.Build.0 = Debug|Any CPU
		{630D5AF5-52E7-461D-A048-9710B550595F}.Debug|ARM.ActiveCfg = Debug|Any CPU
		{630D5AF5-52E7-461D-A048-9710B550595F}.Debug|ARM.Build.0 = Debug|Any CPU
		{630D5AF5-52E7-461D-A048-9710B550595F}.Debug|ARM64.ActiveCfg = Debug|Any CPU
		{630D5AF5-52E7-461D-A048-9710B550595F}.Debug|ARM64.Build.0 = Debug|Any CPU
		{630D5AF5-52E7-461D-A048-9710B550595F}.Debug|iPhone.ActiveCfg = Debug|Any CPU
		{630D5AF5-52E7-461D-A048-9710B550595F}.Debug|iPhone.Build.0 = Debug|Any CPU
		{630D5AF5-52E7-461D-A048-9710B550595F}.Debug|iPhoneSimulator.ActiveCfg = Debug|Any CPU
		{630D5AF5-52E7-461D-A048-9710B550595F}.Debug|iPhoneSimulator.Build.0 = Debug|Any CPU
		{630D5AF5-52E7-461D-A048-9710B550595F}.Debug|x64.ActiveCfg = Debug|Any CPU
		{630D5AF5-52E7-461D-A048-9710B550595F}.Debug|x64.Build.0 = Debug|Any CPU
		{630D5AF5-52E7-461D-A048-9710B550595F}.Debug|x86.ActiveCfg = Debug|Any CPU
		{630D5AF5-52E7-461D-A048-9710B550595F}.Debug|x86.Build.0 = Debug|Any CPU
		{630D5AF5-52E7-461D-A048-9710B550595F}.DebugFsql|Any CPU.ActiveCfg = Debug|Any CPU
		{630D5AF5-52E7-461D-A048-9710B550595F}.DebugFsql|Any CPU.Build.0 = Debug|Any CPU
		{630D5AF5-52E7-461D-A048-9710B550595F}.DebugFsql|ARM.ActiveCfg = Debug|Any CPU
		{630D5AF5-52E7-461D-A048-9710B550595F}.DebugFsql|ARM.Build.0 = Debug|Any CPU
		{630D5AF5-52E7-461D-A048-9710B550595F}.DebugFsql|ARM64.ActiveCfg = Debug|Any CPU
		{630D5AF5-52E7-461D-A048-9710B550595F}.DebugFsql|ARM64.Build.0 = Debug|Any CPU
		{630D5AF5-52E7-461D-A048-9710B550595F}.DebugFsql|iPhone.ActiveCfg = Debug|Any CPU
		{630D5AF5-52E7-461D-A048-9710B550595F}.DebugFsql|iPhone.Build.0 = Debug|Any CPU
		{630D5AF5-52E7-461D-A048-9710B550595F}.DebugFsql|iPhoneSimulator.ActiveCfg = Debug|Any CPU
		{630D5AF5-52E7-461D-A048-9710B550595F}.DebugFsql|iPhoneSimulator.Build.0 = Debug|Any CPU
		{630D5AF5-52E7-461D-A048-9710B550595F}.DebugFsql|x64.ActiveCfg = Debug|Any CPU
		{630D5AF5-52E7-461D-A048-9710B550595F}.DebugFsql|x64.Build.0 = Debug|Any CPU
		{630D5AF5-52E7-461D-A048-9710B550595F}.DebugFsql|x86.ActiveCfg = Debug|Any CPU
		{630D5AF5-52E7-461D-A048-9710B550595F}.DebugFsql|x86.Build.0 = Debug|Any CPU
		{630D5AF5-52E7-461D-A048-9710B550595F}.Release|Any CPU.ActiveCfg = Release|Any CPU
		{630D5AF5-52E7-461D-A048-9710B550595F}.Release|Any CPU.Build.0 = Release|Any CPU
		{630D5AF5-52E7-461D-A048-9710B550595F}.Release|ARM.ActiveCfg = Release|Any CPU
		{630D5AF5-52E7-461D-A048-9710B550595F}.Release|ARM.Build.0 = Release|Any CPU
		{630D5AF5-52E7-461D-A048-9710B550595F}.Release|ARM64.ActiveCfg = Release|Any CPU
		{630D5AF5-52E7-461D-A048-9710B550595F}.Release|ARM64.Build.0 = Release|Any CPU
		{630D5AF5-52E7-461D-A048-9710B550595F}.Release|iPhone.ActiveCfg = Release|Any CPU
		{630D5AF5-52E7-461D-A048-9710B550595F}.Release|iPhone.Build.0 = Release|Any CPU
		{630D5AF5-52E7-461D-A048-9710B550595F}.Release|iPhoneSimulator.ActiveCfg = Release|Any CPU
		{630D5AF5-52E7-461D-A048-9710B550595F}.Release|iPhoneSimulator.Build.0 = Release|Any CPU
		{630D5AF5-52E7-461D-A048-9710B550595F}.Release|x64.ActiveCfg = Release|Any CPU
		{630D5AF5-52E7-461D-A048-9710B550595F}.Release|x64.Build.0 = Release|Any CPU
		{630D5AF5-52E7-461D-A048-9710B550595F}.Release|x86.ActiveCfg = Release|Any CPU
		{630D5AF5-52E7-461D-A048-9710B550595F}.Release|x86.Build.0 = Release|Any CPU
		{376E1EDD-B076-453F-A75D-E7BAC9D4C08E}.Debug|Any CPU.ActiveCfg = Debug|Any CPU
		{376E1EDD-B076-453F-A75D-E7BAC9D4C08E}.Debug|Any CPU.Build.0 = Debug|Any CPU
		{376E1EDD-B076-453F-A75D-E7BAC9D4C08E}.Debug|Any CPU.Deploy.0 = Debug|Any CPU
		{376E1EDD-B076-453F-A75D-E7BAC9D4C08E}.Debug|ARM.ActiveCfg = Debug|Any CPU
		{376E1EDD-B076-453F-A75D-E7BAC9D4C08E}.Debug|ARM.Build.0 = Debug|Any CPU
		{376E1EDD-B076-453F-A75D-E7BAC9D4C08E}.Debug|ARM.Deploy.0 = Debug|Any CPU
		{376E1EDD-B076-453F-A75D-E7BAC9D4C08E}.Debug|ARM64.ActiveCfg = Debug|Any CPU
		{376E1EDD-B076-453F-A75D-E7BAC9D4C08E}.Debug|ARM64.Build.0 = Debug|Any CPU
		{376E1EDD-B076-453F-A75D-E7BAC9D4C08E}.Debug|ARM64.Deploy.0 = Debug|Any CPU
		{376E1EDD-B076-453F-A75D-E7BAC9D4C08E}.Debug|iPhone.ActiveCfg = Debug|Any CPU
		{376E1EDD-B076-453F-A75D-E7BAC9D4C08E}.Debug|iPhone.Build.0 = Debug|Any CPU
		{376E1EDD-B076-453F-A75D-E7BAC9D4C08E}.Debug|iPhone.Deploy.0 = Debug|Any CPU
		{376E1EDD-B076-453F-A75D-E7BAC9D4C08E}.Debug|iPhoneSimulator.ActiveCfg = Debug|Any CPU
		{376E1EDD-B076-453F-A75D-E7BAC9D4C08E}.Debug|iPhoneSimulator.Build.0 = Debug|Any CPU
		{376E1EDD-B076-453F-A75D-E7BAC9D4C08E}.Debug|iPhoneSimulator.Deploy.0 = Debug|Any CPU
		{376E1EDD-B076-453F-A75D-E7BAC9D4C08E}.Debug|x64.ActiveCfg = Debug|Any CPU
		{376E1EDD-B076-453F-A75D-E7BAC9D4C08E}.Debug|x64.Build.0 = Debug|Any CPU
		{376E1EDD-B076-453F-A75D-E7BAC9D4C08E}.Debug|x64.Deploy.0 = Debug|Any CPU
		{376E1EDD-B076-453F-A75D-E7BAC9D4C08E}.Debug|x86.ActiveCfg = Debug|Any CPU
		{376E1EDD-B076-453F-A75D-E7BAC9D4C08E}.Debug|x86.Build.0 = Debug|Any CPU
		{376E1EDD-B076-453F-A75D-E7BAC9D4C08E}.Debug|x86.Deploy.0 = Debug|Any CPU
		{376E1EDD-B076-453F-A75D-E7BAC9D4C08E}.DebugFsql|Any CPU.ActiveCfg = Debug|Any CPU
		{376E1EDD-B076-453F-A75D-E7BAC9D4C08E}.DebugFsql|Any CPU.Build.0 = Debug|Any CPU
		{376E1EDD-B076-453F-A75D-E7BAC9D4C08E}.DebugFsql|Any CPU.Deploy.0 = Debug|Any CPU
		{376E1EDD-B076-453F-A75D-E7BAC9D4C08E}.DebugFsql|ARM.ActiveCfg = Debug|Any CPU
		{376E1EDD-B076-453F-A75D-E7BAC9D4C08E}.DebugFsql|ARM.Build.0 = Debug|Any CPU
		{376E1EDD-B076-453F-A75D-E7BAC9D4C08E}.DebugFsql|ARM.Deploy.0 = Debug|Any CPU
		{376E1EDD-B076-453F-A75D-E7BAC9D4C08E}.DebugFsql|ARM64.ActiveCfg = Debug|Any CPU
		{376E1EDD-B076-453F-A75D-E7BAC9D4C08E}.DebugFsql|ARM64.Build.0 = Debug|Any CPU
		{376E1EDD-B076-453F-A75D-E7BAC9D4C08E}.DebugFsql|ARM64.Deploy.0 = Debug|Any CPU
		{376E1EDD-B076-453F-A75D-E7BAC9D4C08E}.DebugFsql|iPhone.ActiveCfg = Debug|Any CPU
		{376E1EDD-B076-453F-A75D-E7BAC9D4C08E}.DebugFsql|iPhone.Build.0 = Debug|Any CPU
		{376E1EDD-B076-453F-A75D-E7BAC9D4C08E}.DebugFsql|iPhone.Deploy.0 = Debug|Any CPU
		{376E1EDD-B076-453F-A75D-E7BAC9D4C08E}.DebugFsql|iPhoneSimulator.ActiveCfg = Debug|Any CPU
		{376E1EDD-B076-453F-A75D-E7BAC9D4C08E}.DebugFsql|iPhoneSimulator.Build.0 = Debug|Any CPU
		{376E1EDD-B076-453F-A75D-E7BAC9D4C08E}.DebugFsql|iPhoneSimulator.Deploy.0 = Debug|Any CPU
		{376E1EDD-B076-453F-A75D-E7BAC9D4C08E}.DebugFsql|x64.ActiveCfg = Debug|Any CPU
		{376E1EDD-B076-453F-A75D-E7BAC9D4C08E}.DebugFsql|x64.Build.0 = Debug|Any CPU
		{376E1EDD-B076-453F-A75D-E7BAC9D4C08E}.DebugFsql|x64.Deploy.0 = Debug|Any CPU
		{376E1EDD-B076-453F-A75D-E7BAC9D4C08E}.DebugFsql|x86.ActiveCfg = Debug|Any CPU
		{376E1EDD-B076-453F-A75D-E7BAC9D4C08E}.DebugFsql|x86.Build.0 = Debug|Any CPU
		{376E1EDD-B076-453F-A75D-E7BAC9D4C08E}.DebugFsql|x86.Deploy.0 = Debug|Any CPU
		{376E1EDD-B076-453F-A75D-E7BAC9D4C08E}.Release|Any CPU.ActiveCfg = Release|Any CPU
		{376E1EDD-B076-453F-A75D-E7BAC9D4C08E}.Release|Any CPU.Build.0 = Release|Any CPU
		{376E1EDD-B076-453F-A75D-E7BAC9D4C08E}.Release|Any CPU.Deploy.0 = Release|Any CPU
		{376E1EDD-B076-453F-A75D-E7BAC9D4C08E}.Release|ARM.ActiveCfg = Release|Any CPU
		{376E1EDD-B076-453F-A75D-E7BAC9D4C08E}.Release|ARM.Build.0 = Release|Any CPU
		{376E1EDD-B076-453F-A75D-E7BAC9D4C08E}.Release|ARM.Deploy.0 = Release|Any CPU
		{376E1EDD-B076-453F-A75D-E7BAC9D4C08E}.Release|ARM64.ActiveCfg = Release|Any CPU
		{376E1EDD-B076-453F-A75D-E7BAC9D4C08E}.Release|ARM64.Build.0 = Release|Any CPU
		{376E1EDD-B076-453F-A75D-E7BAC9D4C08E}.Release|ARM64.Deploy.0 = Release|Any CPU
		{376E1EDD-B076-453F-A75D-E7BAC9D4C08E}.Release|iPhone.ActiveCfg = Release|Any CPU
		{376E1EDD-B076-453F-A75D-E7BAC9D4C08E}.Release|iPhone.Build.0 = Release|Any CPU
		{376E1EDD-B076-453F-A75D-E7BAC9D4C08E}.Release|iPhone.Deploy.0 = Release|Any CPU
		{376E1EDD-B076-453F-A75D-E7BAC9D4C08E}.Release|iPhoneSimulator.ActiveCfg = Release|Any CPU
		{376E1EDD-B076-453F-A75D-E7BAC9D4C08E}.Release|iPhoneSimulator.Build.0 = Release|Any CPU
		{376E1EDD-B076-453F-A75D-E7BAC9D4C08E}.Release|iPhoneSimulator.Deploy.0 = Release|Any CPU
		{376E1EDD-B076-453F-A75D-E7BAC9D4C08E}.Release|x64.ActiveCfg = Release|Any CPU
		{376E1EDD-B076-453F-A75D-E7BAC9D4C08E}.Release|x64.Build.0 = Release|Any CPU
		{376E1EDD-B076-453F-A75D-E7BAC9D4C08E}.Release|x64.Deploy.0 = Release|Any CPU
		{376E1EDD-B076-453F-A75D-E7BAC9D4C08E}.Release|x86.ActiveCfg = Release|Any CPU
		{376E1EDD-B076-453F-A75D-E7BAC9D4C08E}.Release|x86.Build.0 = Release|Any CPU
		{376E1EDD-B076-453F-A75D-E7BAC9D4C08E}.Release|x86.Deploy.0 = Release|Any CPU
		{1C479393-0ABD-4ABD-90D2-5699F7FE90E0}.Debug|Any CPU.ActiveCfg = Debug|Any CPU
		{1C479393-0ABD-4ABD-90D2-5699F7FE90E0}.Debug|Any CPU.Build.0 = Debug|Any CPU
		{1C479393-0ABD-4ABD-90D2-5699F7FE90E0}.Debug|Any CPU.Deploy.0 = Debug|Any CPU
		{1C479393-0ABD-4ABD-90D2-5699F7FE90E0}.Debug|ARM.ActiveCfg = Debug|Any CPU
		{1C479393-0ABD-4ABD-90D2-5699F7FE90E0}.Debug|ARM.Build.0 = Debug|Any CPU
		{1C479393-0ABD-4ABD-90D2-5699F7FE90E0}.Debug|ARM.Deploy.0 = Debug|Any CPU
		{1C479393-0ABD-4ABD-90D2-5699F7FE90E0}.Debug|ARM64.ActiveCfg = Debug|Any CPU
		{1C479393-0ABD-4ABD-90D2-5699F7FE90E0}.Debug|ARM64.Build.0 = Debug|Any CPU
		{1C479393-0ABD-4ABD-90D2-5699F7FE90E0}.Debug|ARM64.Deploy.0 = Debug|Any CPU
		{1C479393-0ABD-4ABD-90D2-5699F7FE90E0}.Debug|iPhone.ActiveCfg = Debug|Any CPU
		{1C479393-0ABD-4ABD-90D2-5699F7FE90E0}.Debug|iPhone.Build.0 = Debug|Any CPU
		{1C479393-0ABD-4ABD-90D2-5699F7FE90E0}.Debug|iPhone.Deploy.0 = Debug|Any CPU
		{1C479393-0ABD-4ABD-90D2-5699F7FE90E0}.Debug|iPhoneSimulator.ActiveCfg = Debug|Any CPU
		{1C479393-0ABD-4ABD-90D2-5699F7FE90E0}.Debug|iPhoneSimulator.Build.0 = Debug|Any CPU
		{1C479393-0ABD-4ABD-90D2-5699F7FE90E0}.Debug|iPhoneSimulator.Deploy.0 = Debug|Any CPU
		{1C479393-0ABD-4ABD-90D2-5699F7FE90E0}.Debug|x64.ActiveCfg = Debug|Any CPU
		{1C479393-0ABD-4ABD-90D2-5699F7FE90E0}.Debug|x64.Build.0 = Debug|Any CPU
		{1C479393-0ABD-4ABD-90D2-5699F7FE90E0}.Debug|x64.Deploy.0 = Debug|Any CPU
		{1C479393-0ABD-4ABD-90D2-5699F7FE90E0}.Debug|x86.ActiveCfg = Debug|Any CPU
		{1C479393-0ABD-4ABD-90D2-5699F7FE90E0}.Debug|x86.Build.0 = Debug|Any CPU
		{1C479393-0ABD-4ABD-90D2-5699F7FE90E0}.Debug|x86.Deploy.0 = Debug|Any CPU
		{1C479393-0ABD-4ABD-90D2-5699F7FE90E0}.DebugFsql|Any CPU.ActiveCfg = Debug|Any CPU
		{1C479393-0ABD-4ABD-90D2-5699F7FE90E0}.DebugFsql|Any CPU.Build.0 = Debug|Any CPU
		{1C479393-0ABD-4ABD-90D2-5699F7FE90E0}.DebugFsql|Any CPU.Deploy.0 = Debug|Any CPU
		{1C479393-0ABD-4ABD-90D2-5699F7FE90E0}.DebugFsql|ARM.ActiveCfg = Debug|Any CPU
		{1C479393-0ABD-4ABD-90D2-5699F7FE90E0}.DebugFsql|ARM.Build.0 = Debug|Any CPU
		{1C479393-0ABD-4ABD-90D2-5699F7FE90E0}.DebugFsql|ARM.Deploy.0 = Debug|Any CPU
		{1C479393-0ABD-4ABD-90D2-5699F7FE90E0}.DebugFsql|ARM64.ActiveCfg = Debug|Any CPU
		{1C479393-0ABD-4ABD-90D2-5699F7FE90E0}.DebugFsql|ARM64.Build.0 = Debug|Any CPU
		{1C479393-0ABD-4ABD-90D2-5699F7FE90E0}.DebugFsql|ARM64.Deploy.0 = Debug|Any CPU
		{1C479393-0ABD-4ABD-90D2-5699F7FE90E0}.DebugFsql|iPhone.ActiveCfg = Debug|Any CPU
		{1C479393-0ABD-4ABD-90D2-5699F7FE90E0}.DebugFsql|iPhone.Build.0 = Debug|Any CPU
		{1C479393-0ABD-4ABD-90D2-5699F7FE90E0}.DebugFsql|iPhone.Deploy.0 = Debug|Any CPU
		{1C479393-0ABD-4ABD-90D2-5699F7FE90E0}.DebugFsql|iPhoneSimulator.ActiveCfg = Debug|Any CPU
		{1C479393-0ABD-4ABD-90D2-5699F7FE90E0}.DebugFsql|iPhoneSimulator.Build.0 = Debug|Any CPU
		{1C479393-0ABD-4ABD-90D2-5699F7FE90E0}.DebugFsql|iPhoneSimulator.Deploy.0 = Debug|Any CPU
		{1C479393-0ABD-4ABD-90D2-5699F7FE90E0}.DebugFsql|x64.ActiveCfg = Debug|Any CPU
		{1C479393-0ABD-4ABD-90D2-5699F7FE90E0}.DebugFsql|x64.Build.0 = Debug|Any CPU
		{1C479393-0ABD-4ABD-90D2-5699F7FE90E0}.DebugFsql|x64.Deploy.0 = Debug|Any CPU
		{1C479393-0ABD-4ABD-90D2-5699F7FE90E0}.DebugFsql|x86.ActiveCfg = Debug|Any CPU
		{1C479393-0ABD-4ABD-90D2-5699F7FE90E0}.DebugFsql|x86.Build.0 = Debug|Any CPU
		{1C479393-0ABD-4ABD-90D2-5699F7FE90E0}.DebugFsql|x86.Deploy.0 = Debug|Any CPU
		{1C479393-0ABD-4ABD-90D2-5699F7FE90E0}.Release|Any CPU.ActiveCfg = Release|Any CPU
		{1C479393-0ABD-4ABD-90D2-5699F7FE90E0}.Release|Any CPU.Build.0 = Release|Any CPU
		{1C479393-0ABD-4ABD-90D2-5699F7FE90E0}.Release|Any CPU.Deploy.0 = Release|Any CPU
		{1C479393-0ABD-4ABD-90D2-5699F7FE90E0}.Release|ARM.ActiveCfg = Release|Any CPU
		{1C479393-0ABD-4ABD-90D2-5699F7FE90E0}.Release|ARM.Build.0 = Release|Any CPU
		{1C479393-0ABD-4ABD-90D2-5699F7FE90E0}.Release|ARM.Deploy.0 = Release|Any CPU
		{1C479393-0ABD-4ABD-90D2-5699F7FE90E0}.Release|ARM64.ActiveCfg = Release|Any CPU
		{1C479393-0ABD-4ABD-90D2-5699F7FE90E0}.Release|ARM64.Build.0 = Release|Any CPU
		{1C479393-0ABD-4ABD-90D2-5699F7FE90E0}.Release|ARM64.Deploy.0 = Release|Any CPU
		{1C479393-0ABD-4ABD-90D2-5699F7FE90E0}.Release|iPhone.ActiveCfg = Release|Any CPU
		{1C479393-0ABD-4ABD-90D2-5699F7FE90E0}.Release|iPhone.Build.0 = Release|Any CPU
		{1C479393-0ABD-4ABD-90D2-5699F7FE90E0}.Release|iPhone.Deploy.0 = Release|Any CPU
		{1C479393-0ABD-4ABD-90D2-5699F7FE90E0}.Release|iPhoneSimulator.ActiveCfg = Release|Any CPU
		{1C479393-0ABD-4ABD-90D2-5699F7FE90E0}.Release|iPhoneSimulator.Build.0 = Release|Any CPU
		{1C479393-0ABD-4ABD-90D2-5699F7FE90E0}.Release|iPhoneSimulator.Deploy.0 = Release|Any CPU
		{1C479393-0ABD-4ABD-90D2-5699F7FE90E0}.Release|x64.ActiveCfg = Release|Any CPU
		{1C479393-0ABD-4ABD-90D2-5699F7FE90E0}.Release|x64.Build.0 = Release|Any CPU
		{1C479393-0ABD-4ABD-90D2-5699F7FE90E0}.Release|x64.Deploy.0 = Release|Any CPU
		{1C479393-0ABD-4ABD-90D2-5699F7FE90E0}.Release|x86.ActiveCfg = Release|Any CPU
		{1C479393-0ABD-4ABD-90D2-5699F7FE90E0}.Release|x86.Build.0 = Release|Any CPU
		{1C479393-0ABD-4ABD-90D2-5699F7FE90E0}.Release|x86.Deploy.0 = Release|Any CPU
		{213FC281-6566-4803-B161-0E5D7ED819FF}.Debug|Any CPU.ActiveCfg = Debug|Any CPU
		{213FC281-6566-4803-B161-0E5D7ED819FF}.Debug|Any CPU.Build.0 = Debug|Any CPU
		{213FC281-6566-4803-B161-0E5D7ED819FF}.Debug|ARM.ActiveCfg = Debug|Any CPU
		{213FC281-6566-4803-B161-0E5D7ED819FF}.Debug|ARM.Build.0 = Debug|Any CPU
		{213FC281-6566-4803-B161-0E5D7ED819FF}.Debug|ARM64.ActiveCfg = Debug|Any CPU
		{213FC281-6566-4803-B161-0E5D7ED819FF}.Debug|ARM64.Build.0 = Debug|Any CPU
		{213FC281-6566-4803-B161-0E5D7ED819FF}.Debug|iPhone.ActiveCfg = Debug|Any CPU
		{213FC281-6566-4803-B161-0E5D7ED819FF}.Debug|iPhone.Build.0 = Debug|Any CPU
		{213FC281-6566-4803-B161-0E5D7ED819FF}.Debug|iPhoneSimulator.ActiveCfg = Debug|Any CPU
		{213FC281-6566-4803-B161-0E5D7ED819FF}.Debug|iPhoneSimulator.Build.0 = Debug|Any CPU
		{213FC281-6566-4803-B161-0E5D7ED819FF}.Debug|x64.ActiveCfg = Debug|Any CPU
		{213FC281-6566-4803-B161-0E5D7ED819FF}.Debug|x64.Build.0 = Debug|Any CPU
		{213FC281-6566-4803-B161-0E5D7ED819FF}.Debug|x86.ActiveCfg = Debug|Any CPU
		{213FC281-6566-4803-B161-0E5D7ED819FF}.Debug|x86.Build.0 = Debug|Any CPU
		{213FC281-6566-4803-B161-0E5D7ED819FF}.DebugFsql|Any CPU.ActiveCfg = Debug|Any CPU
		{213FC281-6566-4803-B161-0E5D7ED819FF}.DebugFsql|Any CPU.Build.0 = Debug|Any CPU
		{213FC281-6566-4803-B161-0E5D7ED819FF}.DebugFsql|ARM.ActiveCfg = Debug|Any CPU
		{213FC281-6566-4803-B161-0E5D7ED819FF}.DebugFsql|ARM.Build.0 = Debug|Any CPU
		{213FC281-6566-4803-B161-0E5D7ED819FF}.DebugFsql|ARM64.ActiveCfg = Debug|Any CPU
		{213FC281-6566-4803-B161-0E5D7ED819FF}.DebugFsql|ARM64.Build.0 = Debug|Any CPU
		{213FC281-6566-4803-B161-0E5D7ED819FF}.DebugFsql|iPhone.ActiveCfg = Debug|Any CPU
		{213FC281-6566-4803-B161-0E5D7ED819FF}.DebugFsql|iPhone.Build.0 = Debug|Any CPU
		{213FC281-6566-4803-B161-0E5D7ED819FF}.DebugFsql|iPhoneSimulator.ActiveCfg = Debug|Any CPU
		{213FC281-6566-4803-B161-0E5D7ED819FF}.DebugFsql|iPhoneSimulator.Build.0 = Debug|Any CPU
		{213FC281-6566-4803-B161-0E5D7ED819FF}.DebugFsql|x64.ActiveCfg = Debug|Any CPU
		{213FC281-6566-4803-B161-0E5D7ED819FF}.DebugFsql|x64.Build.0 = Debug|Any CPU
		{213FC281-6566-4803-B161-0E5D7ED819FF}.DebugFsql|x86.ActiveCfg = Debug|Any CPU
		{213FC281-6566-4803-B161-0E5D7ED819FF}.DebugFsql|x86.Build.0 = Debug|Any CPU
		{213FC281-6566-4803-B161-0E5D7ED819FF}.Release|Any CPU.ActiveCfg = Release|Any CPU
		{213FC281-6566-4803-B161-0E5D7ED819FF}.Release|Any CPU.Build.0 = Release|Any CPU
		{213FC281-6566-4803-B161-0E5D7ED819FF}.Release|ARM.ActiveCfg = Release|Any CPU
		{213FC281-6566-4803-B161-0E5D7ED819FF}.Release|ARM.Build.0 = Release|Any CPU
		{213FC281-6566-4803-B161-0E5D7ED819FF}.Release|ARM64.ActiveCfg = Release|Any CPU
		{213FC281-6566-4803-B161-0E5D7ED819FF}.Release|ARM64.Build.0 = Release|Any CPU
		{213FC281-6566-4803-B161-0E5D7ED819FF}.Release|iPhone.ActiveCfg = Release|Any CPU
		{213FC281-6566-4803-B161-0E5D7ED819FF}.Release|iPhone.Build.0 = Release|Any CPU
		{213FC281-6566-4803-B161-0E5D7ED819FF}.Release|iPhoneSimulator.ActiveCfg = Release|Any CPU
		{213FC281-6566-4803-B161-0E5D7ED819FF}.Release|iPhoneSimulator.Build.0 = Release|Any CPU
		{213FC281-6566-4803-B161-0E5D7ED819FF}.Release|x64.ActiveCfg = Release|Any CPU
		{213FC281-6566-4803-B161-0E5D7ED819FF}.Release|x64.Build.0 = Release|Any CPU
		{213FC281-6566-4803-B161-0E5D7ED819FF}.Release|x86.ActiveCfg = Release|Any CPU
		{213FC281-6566-4803-B161-0E5D7ED819FF}.Release|x86.Build.0 = Release|Any CPU
		{2EB44A74-E1D6-45F2-92DC-BB081BD64003}.Debug|Any CPU.ActiveCfg = Debug|Any CPU
		{2EB44A74-E1D6-45F2-92DC-BB081BD64003}.Debug|Any CPU.Build.0 = Debug|Any CPU
		{2EB44A74-E1D6-45F2-92DC-BB081BD64003}.Debug|ARM.ActiveCfg = Debug|Any CPU
		{2EB44A74-E1D6-45F2-92DC-BB081BD64003}.Debug|ARM.Build.0 = Debug|Any CPU
		{2EB44A74-E1D6-45F2-92DC-BB081BD64003}.Debug|ARM64.ActiveCfg = Debug|Any CPU
		{2EB44A74-E1D6-45F2-92DC-BB081BD64003}.Debug|ARM64.Build.0 = Debug|Any CPU
		{2EB44A74-E1D6-45F2-92DC-BB081BD64003}.Debug|iPhone.ActiveCfg = Debug|Any CPU
		{2EB44A74-E1D6-45F2-92DC-BB081BD64003}.Debug|iPhone.Build.0 = Debug|Any CPU
		{2EB44A74-E1D6-45F2-92DC-BB081BD64003}.Debug|iPhoneSimulator.ActiveCfg = Debug|Any CPU
		{2EB44A74-E1D6-45F2-92DC-BB081BD64003}.Debug|iPhoneSimulator.Build.0 = Debug|Any CPU
		{2EB44A74-E1D6-45F2-92DC-BB081BD64003}.Debug|x64.ActiveCfg = Debug|Any CPU
		{2EB44A74-E1D6-45F2-92DC-BB081BD64003}.Debug|x64.Build.0 = Debug|Any CPU
		{2EB44A74-E1D6-45F2-92DC-BB081BD64003}.Debug|x86.ActiveCfg = Debug|Any CPU
		{2EB44A74-E1D6-45F2-92DC-BB081BD64003}.Debug|x86.Build.0 = Debug|Any CPU
		{2EB44A74-E1D6-45F2-92DC-BB081BD64003}.DebugFsql|Any CPU.ActiveCfg = Debug|Any CPU
		{2EB44A74-E1D6-45F2-92DC-BB081BD64003}.DebugFsql|Any CPU.Build.0 = Debug|Any CPU
		{2EB44A74-E1D6-45F2-92DC-BB081BD64003}.DebugFsql|ARM.ActiveCfg = Debug|Any CPU
		{2EB44A74-E1D6-45F2-92DC-BB081BD64003}.DebugFsql|ARM.Build.0 = Debug|Any CPU
		{2EB44A74-E1D6-45F2-92DC-BB081BD64003}.DebugFsql|ARM64.ActiveCfg = Debug|Any CPU
		{2EB44A74-E1D6-45F2-92DC-BB081BD64003}.DebugFsql|ARM64.Build.0 = Debug|Any CPU
		{2EB44A74-E1D6-45F2-92DC-BB081BD64003}.DebugFsql|iPhone.ActiveCfg = Debug|Any CPU
		{2EB44A74-E1D6-45F2-92DC-BB081BD64003}.DebugFsql|iPhone.Build.0 = Debug|Any CPU
		{2EB44A74-E1D6-45F2-92DC-BB081BD64003}.DebugFsql|iPhoneSimulator.ActiveCfg = Debug|Any CPU
		{2EB44A74-E1D6-45F2-92DC-BB081BD64003}.DebugFsql|iPhoneSimulator.Build.0 = Debug|Any CPU
		{2EB44A74-E1D6-45F2-92DC-BB081BD64003}.DebugFsql|x64.ActiveCfg = Debug|Any CPU
		{2EB44A74-E1D6-45F2-92DC-BB081BD64003}.DebugFsql|x64.Build.0 = Debug|Any CPU
		{2EB44A74-E1D6-45F2-92DC-BB081BD64003}.DebugFsql|x86.ActiveCfg = Debug|Any CPU
		{2EB44A74-E1D6-45F2-92DC-BB081BD64003}.DebugFsql|x86.Build.0 = Debug|Any CPU
		{2EB44A74-E1D6-45F2-92DC-BB081BD64003}.Release|Any CPU.ActiveCfg = Release|Any CPU
		{2EB44A74-E1D6-45F2-92DC-BB081BD64003}.Release|Any CPU.Build.0 = Release|Any CPU
		{2EB44A74-E1D6-45F2-92DC-BB081BD64003}.Release|ARM.ActiveCfg = Release|Any CPU
		{2EB44A74-E1D6-45F2-92DC-BB081BD64003}.Release|ARM.Build.0 = Release|Any CPU
		{2EB44A74-E1D6-45F2-92DC-BB081BD64003}.Release|ARM64.ActiveCfg = Release|Any CPU
		{2EB44A74-E1D6-45F2-92DC-BB081BD64003}.Release|ARM64.Build.0 = Release|Any CPU
		{2EB44A74-E1D6-45F2-92DC-BB081BD64003}.Release|iPhone.ActiveCfg = Release|Any CPU
		{2EB44A74-E1D6-45F2-92DC-BB081BD64003}.Release|iPhone.Build.0 = Release|Any CPU
		{2EB44A74-E1D6-45F2-92DC-BB081BD64003}.Release|iPhoneSimulator.ActiveCfg = Release|Any CPU
		{2EB44A74-E1D6-45F2-92DC-BB081BD64003}.Release|iPhoneSimulator.Build.0 = Release|Any CPU
		{2EB44A74-E1D6-45F2-92DC-BB081BD64003}.Release|x64.ActiveCfg = Release|Any CPU
		{2EB44A74-E1D6-45F2-92DC-BB081BD64003}.Release|x64.Build.0 = Release|Any CPU
		{2EB44A74-E1D6-45F2-92DC-BB081BD64003}.Release|x86.ActiveCfg = Release|Any CPU
		{2EB44A74-E1D6-45F2-92DC-BB081BD64003}.Release|x86.Build.0 = Release|Any CPU
	EndGlobalSection
	GlobalSection(SolutionProperties) = preSolution
		HideSolutionNode = FALSE
	EndGlobalSection
	GlobalSection(NestedProjects) = preSolution
		{C6718A5E-88DB-4362-BD74-3BA9565DDA78} = {8D5D78FF-7626-4859-9738-9B67885D255E}
		{95DDBA5F-4571-43B1-994D-58F89201A566} = {7CEAAA9E-9738-4989-A665-E46B3356667F}
		{12EC22F5-2586-4AD3-AE03-319C2FAC0B06} = {7CEAAA9E-9738-4989-A665-E46B3356667F}
		{0BFC3652-7CD1-49E4-BA9A-70E5EC818FCE} = {7CEAAA9E-9738-4989-A665-E46B3356667F}
		{F4C814E7-FCDC-4596-854D-8FA5CD992C67} = {7CEAAA9E-9738-4989-A665-E46B3356667F}
		{00299BBB-9588-4A22-89E9-C0AD196E249D} = {4BE42A9A-367B-49DA-9D76-B42D3FE0D8D1}
		{16CDF234-0974-4F53-BF46-143C8AE48B4C} = {AA3EE59E-F38D-4FD6-9BEF-0BAABCDD74CB}
		{F5F59730-61F8-4DB3-B0D8-8B8F8EAC79A7} = {BD232944-F8B7-4F57-9529-36DA3802CDDB}
		{D6ACF9AB-6DAB-4312-AF28-5D96DF6601C3} = {BD232944-F8B7-4F57-9529-36DA3802CDDB}
		{630D5AF5-52E7-461D-A048-9710B550595F} = {BD232944-F8B7-4F57-9529-36DA3802CDDB}
		{376E1EDD-B076-453F-A75D-E7BAC9D4C08E} = {AA3EE59E-F38D-4FD6-9BEF-0BAABCDD74CB}
		{1C479393-0ABD-4ABD-90D2-5699F7FE90E0} = {AA3EE59E-F38D-4FD6-9BEF-0BAABCDD74CB}
		{213FC281-6566-4803-B161-0E5D7ED819FF} = {AA3EE59E-F38D-4FD6-9BEF-0BAABCDD74CB}
		{2EB44A74-E1D6-45F2-92DC-BB081BD64003} = {AA3EE59E-F38D-4FD6-9BEF-0BAABCDD74CB}
	EndGlobalSection
	GlobalSection(ExtensibilityGlobals) = postSolution
		SolutionGuid = {EBFE6780-E763-447E-BDB2-E854325A8AD8}
	EndGlobalSection
EndGlobal
