
Microsoft Visual Studio Solution File, Format Version 12.00
# Visual Studio Version 17
VisualStudioVersion = 17.4.33213.308
MinimumVisualStudioVersion = 10.0.40219.1
Project("{FAE04EC0-301F-11D3-BF4B-00C04F79EFBC}") = "ConsoleAppMysql", "ConsoleAppMysql\ConsoleAppMysql.csproj", "{8EECE3D6-21BE-473B-9931-5F7A1119BAF9}"
EndProject
Global
	GlobalSection(SolutionConfigurationPlatforms) = preSolution
		Debug|Any CPU = Debug|Any CPU
		Release|Any CPU = Release|Any CPU
	EndGlobalSection
	GlobalSection(ProjectConfigurationPlatforms) = postSolution
		{8EECE3D6-21BE-473B-9931-5F7A1119BAF9}.Debug|Any CPU.ActiveCfg = Debug|Any CPU
		{8EECE3D6-21BE-473B-9931-5F7A1119BAF9}.Debug|Any CPU.Build.0 = Debug|Any CPU
		{8EECE3D6-21BE-473B-9931-5F7A1119BAF9}.Release|Any CPU.ActiveCfg = Release|Any CPU
		{8EECE3D6-21BE-473B-9931-5F7A1119BAF9}.Release|Any CPU.Build.0 = Release|Any CPU
	EndGlobalSection
	GlobalSection(SolutionProperties) = preSolution
		HideSolutionNode = FALSE
	EndGlobalSection
	GlobalSection(ExtensibilityGlobals) = postSolution
		SolutionGuid = {62EB138B-20BF-4933-8A7B-9104F44071E9}
	EndGlobalSection
EndGlobal
